{
  "version": 4,
  "terraform_version": "1.8.3",
  "serial": 821,
  "lineage": "42baef8a-7306-d445-1358-a26eb1fdf88e",
  "outputs": {},
  "resources": [
    {
      "mode": "data",
      "type": "aws_eks_cluster",
      "name": "my_cluster",
      "provider": "provider[\"registry.terraform.io/hashicorp/aws\"]",
      "instances": [
        {
          "schema_version": 0,
          "attributes": {
            "access_config": [
              {
                "authentication_mode": "CONFIG_MAP"
              }
            ],
            "arn": "arn:aws:eks:ap-south-1:350931055052:cluster/ne_eks",
            "certificate_authority": [
              {
                "data": "LS0tLS1CRUdJTiBDRVJUSUZJQ0FURS0tLS0tCk1JSURCVENDQWUyZ0F3SUJBZ0lJQ25Cb2h2WnQ1ZHd3RFFZSktvWklodmNOQVFFTEJRQXdGVEVUTUJFR0ExVUUKQXhNS2EzVmlaWEp1WlhSbGN6QWVGdzB5TkRBMU1UY3lNVE14TVRWYUZ3MHpOREExTVRVeU1UTTJNVFZhTUJVeApFekFSQmdOVkJBTVRDbXQxWW1WeWJtVjBaWE13Z2dFaU1BMEdDU3FHU0liM0RRRUJBUVVBQTRJQkR3QXdnZ0VLCkFvSUJBUURrOGN0MUVIWm9IRVp0UWFseDN2aG1Qb0k0MWppb0FLUTduWEhGZmd5aEJ6UTVPSlZ4VGVxdmR3eXMKYjhpZ2JvRGJHSUVSakl2NmdPYm15RWorYWhnd0tkcDRzWTQ0MldvTjZET0luQlZMQzVqM2RwbXlvaXBTQlpJRwpNUU5lSUVzbXRoZVBGWnlRak9WSGoyYk5mdHMzMzdrcXBycWY5RjdyS1Q2Smh5QVE1UVhKTXZ6eXVwRm1YVmtpCmxsdm1MeENEeFRTdk85bmJDMjh1MFhzT3dzTG5YZWdLSy9TQ2pPWXF2OXdYY1NBZkh4LzRHNHNybE1NaC9YR1cKcm1oTnJNQ3FpejY0Tkx4TXRLQ0lQNzJjRmUrS25uejJvaSszd3RCaGpzZ0dEd1lJcUVYcVcxRkJJR3NxYlZxVApUWWNybGhlaWViak8rYytnbEFxaXdVN0xvbVZGQWdNQkFBR2pXVEJYTUE0R0ExVWREd0VCL3dRRUF3SUNwREFQCkJnTlZIUk1CQWY4RUJUQURBUUgvTUIwR0ExVWREZ1FXQkJSdHYxSDlVWmdRa2s4NzVTNHZXamIxRDF6dG9qQVYKQmdOVkhSRUVEakFNZ2dwcmRXSmxjbTVsZEdWek1BMEdDU3FHU0liM0RRRUJDd1VBQTRJQkFRRExVQXRFOEVVUgpmeHpKN0J5d1JHVCtWdXNkK080UncrZW9rTW5IbEtpR3J4cjAzaWV5MG5wdEtlc0lVWUo5QkR5K2E5emE2MVhECnRMWjFHRFhZRmQzVWpiQjBYZTJpMmZMTis5Y2UxUXVySVVGWEx0MWtqN3BzanhwdXVyWDRwVDdGOXBIc2NkbE8KZk1qTG9YSm9FWGcxUWQ1TnVnTEorNEFyVFI1U3N2dDlaK3kxZm9pUFFxMjJlUlBqNHU2bHNsVUc3SldOd1pIaQpxNjZKK3ltOXFmNmxaOTdGeVYwcWRLMVdGT0VKWVZFL3hsdStpU0ZyWG1nSkFER2g2eVl1VDcvQ0hldzl2SGFmCk1NMjF1UEpvYmlRaTZ6NUp5cUtMT1paL2tEUElveEVmZ2tvcjZyUGNORjlxWnRVcG1Ia0FGdk52SE9ZWlpaMzgKZ044bURNYzNiSU5wCi0tLS0tRU5EIENFUlRJRklDQVRFLS0tLS0K"
              }
            ],
            "cluster_id": null,
            "created_at": "2024-05-17 21:32:00.308 +0000 UTC",
            "enabled_cluster_log_types": [],
            "endpoint": "https://8046186F1A949CDE773266EF5867804E.gr7.ap-south-1.eks.amazonaws.com",
            "id": "ne_eks",
            "identity": [
              {
                "oidc": [
                  {
                    "issuer": "https://oidc.eks.ap-south-1.amazonaws.com/id/8046186F1A949CDE773266EF5867804E"
                  }
                ]
              }
            ],
            "kubernetes_network_config": [
              {
                "ip_family": "ipv4",
                "service_ipv4_cidr": "10.100.0.0/16",
                "service_ipv6_cidr": ""
              }
            ],
            "name": "ne_eks",
            "outpost_config": [],
            "platform_version": "eks.13",
            "role_arn": "arn:aws:iam::350931055052:role/eks_cluster_role",
            "status": "ACTIVE",
            "tags": {},
            "version": "1.28",
            "vpc_config": [
              {
                "cluster_security_group_id": "sg-04b102a13afdfd7fe",
                "endpoint_private_access": false,
                "endpoint_public_access": true,
                "public_access_cidrs": [
                  "0.0.0.0/0"
                ],
                "security_group_ids": [],
                "subnet_ids": [
                  "subnet-01b4105bbd4548fad",
                  "subnet-0af388c1df29cecd1",
                  "subnet-0dc60472f101554c3"
                ],
                "vpc_id": "vpc-0fc575237fc0a6907"
              }
            ]
          },
          "sensitive_attributes": []
        }
      ]
    },
    {
      "mode": "data",
      "type": "aws_eks_cluster_auth",
      "name": "my_cluster",
      "provider": "provider[\"registry.terraform.io/hashicorp/aws\"]",
      "instances": [
        {
          "schema_version": 0,
          "attributes": {
            "id": "ne_eks",
            "name": "ne_eks",
            "token": "k8s-aws-v1.aHR0cHM6Ly9zdHMuYXAtc291dGgtMS5hbWF6b25hd3MuY29tLz9BY3Rpb249R2V0Q2FsbGVySWRlbnRpdHkmVmVyc2lvbj0yMDExLTA2LTE1JlgtQW16LUFsZ29yaXRobT1BV1M0LUhNQUMtU0hBMjU2JlgtQW16LUNyZWRlbnRpYWw9QUtJQVZETkk2NkhHTktRVjVESlAlMkYyMDI0MDUxNyUyRmFwLXNvdXRoLTElMkZzdHMlMkZhd3M0X3JlcXVlc3QmWC1BbXotRGF0ZT0yMDI0MDUxN1QyMjEyMTVaJlgtQW16LUV4cGlyZXM9MCZYLUFtei1TaWduZWRIZWFkZXJzPWhvc3QlM0J4LWs4cy1hd3MtaWQmWC1BbXotU2lnbmF0dXJlPTk0ZjAxZjQ5ZGY5ZDk5NTZmMzVjNmI1N2FhYzFkYmRhMjQzNjQ3MGI5MWM1M2FiZjMxNmJkZTg0Y2RjYmY0MWY"
          },
          "sensitive_attributes": [
            [
              {
                "type": "get_attr",
                "value": "token"
              }
            ]
          ]
        }
      ]
    },
    {
      "mode": "data",
      "type": "aws_elb",
      "name": "node_exporter_lb",
      "provider": "provider[\"registry.terraform.io/hashicorp/aws\"]",
      "instances": [
        {
          "schema_version": 0,
          "attributes": {
            "access_logs": [],
            "arn": "arn:aws:elasticloadbalancing:ap-south-1:350931055052:loadbalancer/a837d43b11ca749dd991220c7a245292",
            "availability_zones": [
              "ap-south-1c"
            ],
            "connection_draining": false,
            "connection_draining_timeout": 300,
            "cross_zone_load_balancing": false,
            "desync_mitigation_mode": "defensive",
            "dns_name": "a837d43b11ca749dd991220c7a245292-1307686136.ap-south-1.elb.amazonaws.com",
            "health_check": [
              {
                "healthy_threshold": 2,
                "interval": 10,
                "target": "TCP:32243",
                "timeout": 5,
                "unhealthy_threshold": 6
              }
            ],
            "id": "a837d43b11ca749dd991220c7a245292",
            "idle_timeout": 60,
            "instances": [
              "i-0a1f635251cae8d43"
            ],
            "internal": false,
            "listener": [
              {
                "instance_port": 32243,
                "instance_protocol": "http",
                "lb_port": 443,
                "lb_protocol": "https",
                "ssl_certificate_id": "arn:aws:acm:ap-south-1:350931055052:certificate/10e0c6b7-df81-465c-852b-ab3cf9cc45e5"
              }
            ],
            "name": "a837d43b11ca749dd991220c7a245292",
            "security_groups": [
              "sg-03ede2366fb6b5571"
            ],
            "source_security_group": "350931055052/k8s-elb-a837d43b11ca749dd991220c7a245292",
            "source_security_group_id": "sg-03ede2366fb6b5571",
            "subnets": [
              "subnet-0dc60472f101554c3"
            ],
            "tags": {
              "kubernetes.io/cluster/ne_eks": "owned",
              "kubernetes.io/service-name": "default/node-exporter"
            },
            "zone_id": "ZP97RAFLXTNZK"
          },
          "sensitive_attributes": []
        }
      ]
    },
    {
      "mode": "managed",
      "type": "aws_acm_certificate",
      "name": "cert",
      "provider": "provider[\"registry.terraform.io/hashicorp/aws\"]",
      "instances": [
        {
          "schema_version": 0,
          "attributes": {
            "arn": "arn:aws:acm:ap-south-1:350931055052:certificate/10e0c6b7-df81-465c-852b-ab3cf9cc45e5",
            "certificate_authority_arn": "",
            "certificate_body": null,
            "certificate_chain": null,
            "domain_name": "metrics.staytools.com",
            "domain_validation_options": [
              {
                "domain_name": "metrics.staytools.com",
                "resource_record_name": "_f92c560604c96eafed7a91f042051dd7.metrics.staytools.com.",
                "resource_record_type": "CNAME",
                "resource_record_value": "_75460b437316f6b802a9c473ada7edb4.sdgjtdhdhz.acm-validations.aws."
              }
            ],
            "early_renewal_duration": "",
            "id": "arn:aws:acm:ap-south-1:350931055052:certificate/10e0c6b7-df81-465c-852b-ab3cf9cc45e5",
            "key_algorithm": "RSA_2048",
            "not_after": "2025-06-15T23:59:59Z",
            "not_before": "2024-05-17T00:00:00Z",
            "options": [
              {
                "certificate_transparency_logging_preference": "ENABLED"
              }
            ],
            "pending_renewal": false,
            "private_key": null,
            "renewal_eligibility": "ELIGIBLE",
            "renewal_summary": [],
            "status": "ISSUED",
            "subject_alternative_names": [
              "metrics.staytools.com"
            ],
            "tags": {},
            "tags_all": {},
            "type": "AMAZON_ISSUED",
            "validation_emails": [],
            "validation_method": "DNS",
            "validation_option": []
          },
          "sensitive_attributes": [
            [
              {
                "type": "get_attr",
                "value": "private_key"
              }
            ]
          ],
          "private": "bnVsbA==",
          "create_before_destroy": true
        }
      ]
    },
    {
      "mode": "managed",
      "type": "aws_acm_certificate_validation",
      "name": "cert",
      "provider": "provider[\"registry.terraform.io/hashicorp/aws\"]",
      "instances": [
        {
          "schema_version": 0,
          "attributes": {
            "certificate_arn": "arn:aws:acm:ap-south-1:350931055052:certificate/10e0c6b7-df81-465c-852b-ab3cf9cc45e5",
            "id": "2024-05-17 21:42:23.577 +0000 UTC",
            "timeouts": null,
            "validation_record_fqdns": [
              "_f92c560604c96eafed7a91f042051dd7.metrics.staytools.com"
            ]
          },
          "sensitive_attributes": [],
          "private": "eyJlMmJmYjczMC1lY2FhLTExZTYtOGY4OC0zNDM2M2JjN2M0YzAiOnsiY3JlYXRlIjo0NTAwMDAwMDAwMDAwfX0=",
          "dependencies": [
            "aws_acm_certificate.cert",
            "aws_route53_record.cert_validation"
          ]
        }
      ]
    },
    {
      "mode": "managed",
      "type": "aws_eip",
      "name": "lb",
      "provider": "provider[\"registry.terraform.io/hashicorp/aws\"]",
      "instances": [
        {
          "schema_version": 0,
          "attributes": {
            "address": null,
            "allocation_id": "eipalloc-0aa63192af4f1e6db",
            "arn": "arn:aws:ec2:ap-south-1:350931055052:elastic-ip/eipalloc-0aa63192af4f1e6db",
            "associate_with_private_ip": null,
            "association_id": "eipassoc-001daaf61b5e5da64",
            "carrier_ip": "",
            "customer_owned_ip": "",
            "customer_owned_ipv4_pool": "",
            "domain": "vpc",
            "id": "eipalloc-0aa63192af4f1e6db",
            "instance": "",
            "network_border_group": "ap-south-1",
            "network_interface": "eni-0623c4e51a2158f37",
            "private_dns": "ip-11-0-3-39.ap-south-1.compute.internal",
            "private_ip": "11.0.3.39",
            "ptr_record": "",
            "public_dns": "ec2-15-207-2-106.ap-south-1.compute.amazonaws.com",
            "public_ip": "15.207.2.106",
            "public_ipv4_pool": "amazon",
            "tags": {},
            "tags_all": {},
            "timeouts": null,
            "vpc": true
          },
          "sensitive_attributes": [],
          "private": "eyJlMmJmYjczMC1lY2FhLTExZTYtOGY4OC0zNDM2M2JjN2M0YzAiOnsiZGVsZXRlIjoxODAwMDAwMDAwMDAsInJlYWQiOjkwMDAwMDAwMDAwMCwidXBkYXRlIjozMDAwMDAwMDAwMDB9fQ=="
        }
      ]
    },
    {
      "mode": "managed",
      "type": "aws_eks_cluster",
      "name": "my_cluster",
      "provider": "provider[\"registry.terraform.io/hashicorp/aws\"]",
      "instances": [
        {
          "schema_version": 0,
          "attributes": {
            "access_config": [
              {
                "authentication_mode": "CONFIG_MAP",
                "bootstrap_cluster_creator_admin_permissions": false
              }
            ],
            "arn": "arn:aws:eks:ap-south-1:350931055052:cluster/ne_eks",
            "certificate_authority": [
              {
                "data": "LS0tLS1CRUdJTiBDRVJUSUZJQ0FURS0tLS0tCk1JSURCVENDQWUyZ0F3SUJBZ0lJQ25Cb2h2WnQ1ZHd3RFFZSktvWklodmNOQVFFTEJRQXdGVEVUTUJFR0ExVUUKQXhNS2EzVmlaWEp1WlhSbGN6QWVGdzB5TkRBMU1UY3lNVE14TVRWYUZ3MHpOREExTVRVeU1UTTJNVFZhTUJVeApFekFSQmdOVkJBTVRDbXQxWW1WeWJtVjBaWE13Z2dFaU1BMEdDU3FHU0liM0RRRUJBUVVBQTRJQkR3QXdnZ0VLCkFvSUJBUURrOGN0MUVIWm9IRVp0UWFseDN2aG1Qb0k0MWppb0FLUTduWEhGZmd5aEJ6UTVPSlZ4VGVxdmR3eXMKYjhpZ2JvRGJHSUVSakl2NmdPYm15RWorYWhnd0tkcDRzWTQ0MldvTjZET0luQlZMQzVqM2RwbXlvaXBTQlpJRwpNUU5lSUVzbXRoZVBGWnlRak9WSGoyYk5mdHMzMzdrcXBycWY5RjdyS1Q2Smh5QVE1UVhKTXZ6eXVwRm1YVmtpCmxsdm1MeENEeFRTdk85bmJDMjh1MFhzT3dzTG5YZWdLSy9TQ2pPWXF2OXdYY1NBZkh4LzRHNHNybE1NaC9YR1cKcm1oTnJNQ3FpejY0Tkx4TXRLQ0lQNzJjRmUrS25uejJvaSszd3RCaGpzZ0dEd1lJcUVYcVcxRkJJR3NxYlZxVApUWWNybGhlaWViak8rYytnbEFxaXdVN0xvbVZGQWdNQkFBR2pXVEJYTUE0R0ExVWREd0VCL3dRRUF3SUNwREFQCkJnTlZIUk1CQWY4RUJUQURBUUgvTUIwR0ExVWREZ1FXQkJSdHYxSDlVWmdRa2s4NzVTNHZXamIxRDF6dG9qQVYKQmdOVkhSRUVEakFNZ2dwcmRXSmxjbTVsZEdWek1BMEdDU3FHU0liM0RRRUJDd1VBQTRJQkFRRExVQXRFOEVVUgpmeHpKN0J5d1JHVCtWdXNkK080UncrZW9rTW5IbEtpR3J4cjAzaWV5MG5wdEtlc0lVWUo5QkR5K2E5emE2MVhECnRMWjFHRFhZRmQzVWpiQjBYZTJpMmZMTis5Y2UxUXVySVVGWEx0MWtqN3BzanhwdXVyWDRwVDdGOXBIc2NkbE8KZk1qTG9YSm9FWGcxUWQ1TnVnTEorNEFyVFI1U3N2dDlaK3kxZm9pUFFxMjJlUlBqNHU2bHNsVUc3SldOd1pIaQpxNjZKK3ltOXFmNmxaOTdGeVYwcWRLMVdGT0VKWVZFL3hsdStpU0ZyWG1nSkFER2g2eVl1VDcvQ0hldzl2SGFmCk1NMjF1UEpvYmlRaTZ6NUp5cUtMT1paL2tEUElveEVmZ2tvcjZyUGNORjlxWnRVcG1Ia0FGdk52SE9ZWlpaMzgKZ044bURNYzNiSU5wCi0tLS0tRU5EIENFUlRJRklDQVRFLS0tLS0K"
              }
            ],
            "cluster_id": null,
            "created_at": "2024-05-17 21:32:00.308 +0000 UTC",
            "enabled_cluster_log_types": [],
            "encryption_config": [],
            "endpoint": "https://8046186F1A949CDE773266EF5867804E.gr7.ap-south-1.eks.amazonaws.com",
            "id": "ne_eks",
            "identity": [
              {
                "oidc": [
                  {
                    "issuer": "https://oidc.eks.ap-south-1.amazonaws.com/id/8046186F1A949CDE773266EF5867804E"
                  }
                ]
              }
            ],
            "kubernetes_network_config": [
              {
                "ip_family": "ipv4",
                "service_ipv4_cidr": "10.100.0.0/16",
                "service_ipv6_cidr": ""
              }
            ],
            "name": "ne_eks",
            "outpost_config": [],
            "platform_version": "eks.13",
            "role_arn": "arn:aws:iam::350931055052:role/eks_cluster_role",
            "status": "ACTIVE",
            "tags": {},
            "tags_all": {},
            "timeouts": null,
            "version": "1.28",
            "vpc_config": [
              {
                "cluster_security_group_id": "sg-04b102a13afdfd7fe",
                "endpoint_private_access": false,
                "endpoint_public_access": true,
                "public_access_cidrs": [
                  "0.0.0.0/0"
                ],
                "security_group_ids": [],
                "subnet_ids": [
                  "subnet-01b4105bbd4548fad",
                  "subnet-0af388c1df29cecd1",
                  "subnet-0dc60472f101554c3"
                ],
                "vpc_id": "vpc-0fc575237fc0a6907"
              }
            ]
          },
          "sensitive_attributes": [],
          "private": "eyJlMmJmYjczMC1lY2FhLTExZTYtOGY4OC0zNDM2M2JjN2M0YzAiOnsiY3JlYXRlIjoxODAwMDAwMDAwMDAwLCJkZWxldGUiOjkwMDAwMDAwMDAwMCwidXBkYXRlIjozNjAwMDAwMDAwMDAwfX0=",
          "dependencies": [
            "aws_iam_role.eks_cluster_role",
            "aws_subnet.private_subnet1",
            "aws_subnet.private_subnet2",
            "aws_subnet.public_subnet1",
            "aws_vpc.main"
          ]
        }
      ]
    },
    {
      "mode": "managed",
      "type": "aws_eks_node_group",
      "name": "my_node_group",
      "provider": "provider[\"registry.terraform.io/hashicorp/aws\"]",
      "instances": [
        {
          "schema_version": 0,
          "attributes": {
            "ami_type": "AL2_x86_64",
            "arn": "arn:aws:eks:ap-south-1:350931055052:nodegroup/ne_eks/ne_nodepool/9ac7c43f-0596-4c32-c2e6-0335ec98d616",
            "capacity_type": "ON_DEMAND",
            "cluster_name": "ne_eks",
            "disk_size": 20,
            "force_update_version": null,
            "id": "ne_eks:ne_nodepool",
            "instance_types": [
              "t3.medium"
            ],
            "labels": {},
            "launch_template": [],
            "node_group_name": "ne_nodepool",
            "node_group_name_prefix": "",
            "node_role_arn": "arn:aws:iam::350931055052:role/eks_node_role",
            "release_version": "1.28.8-20240514",
            "remote_access": [
              {
                "ec2_ssh_key": "node_exporter",
                "source_security_group_ids": [
                  "sg-01dff6fa00a7cd572"
                ]
              }
            ],
            "resources": [
              {
                "autoscaling_groups": [
                  {
                    "name": "eks-ne_nodepool-9ac7c43f-0596-4c32-c2e6-0335ec98d616"
                  }
                ],
                "remote_access_security_group_id": "sg-0cda5fc796dc5debf"
              }
            ],
            "scaling_config": [
              {
                "desired_size": 1,
                "max_size": 1,
                "min_size": 1
              }
            ],
            "status": "ACTIVE",
            "subnet_ids": [
              "subnet-0dc60472f101554c3"
            ],
            "tags": {},
            "tags_all": {},
            "taint": [],
            "timeouts": null,
            "update_config": [
              {
                "max_unavailable": 1,
                "max_unavailable_percentage": 0
              }
            ],
            "version": "1.28"
          },
          "sensitive_attributes": [],
          "private": "eyJlMmJmYjczMC1lY2FhLTExZTYtOGY4OC0zNDM2M2JjN2M0YzAiOnsiY3JlYXRlIjozNjAwMDAwMDAwMDAwLCJkZWxldGUiOjM2MDAwMDAwMDAwMDAsInVwZGF0ZSI6MzYwMDAwMDAwMDAwMH19",
          "dependencies": [
            "aws_eks_cluster.my_cluster",
            "aws_iam_role.eks_cluster_role",
            "aws_iam_role.eks_node_role",
            "aws_security_group.kubernetes",
            "aws_subnet.private_subnet1",
            "aws_subnet.private_subnet2",
            "aws_subnet.public_subnet1",
            "aws_vpc.main"
          ]
        }
      ]
    },
    {
      "mode": "managed",
      "type": "aws_iam_role",
      "name": "eks_cluster_role",
      "provider": "provider[\"registry.terraform.io/hashicorp/aws\"]",
      "instances": [
        {
          "schema_version": 0,
          "attributes": {
            "arn": "arn:aws:iam::350931055052:role/eks_cluster_role",
            "assume_role_policy": "{\"Statement\":[{\"Action\":\"sts:AssumeRole\",\"Effect\":\"Allow\",\"Principal\":{\"Service\":\"eks.amazonaws.com\"}}],\"Version\":\"2012-10-17\"}",
            "create_date": "2024-05-17T20:14:47Z",
            "description": "",
            "force_detach_policies": false,
            "id": "eks_cluster_role",
            "inline_policy": [],
            "managed_policy_arns": [
              "arn:aws:iam::aws:policy/AmazonEKSClusterPolicy"
            ],
            "max_session_duration": 3600,
            "name": "eks_cluster_role",
            "name_prefix": "",
            "path": "/",
            "permissions_boundary": "",
            "tags": {},
            "tags_all": {},
            "unique_id": "AROAVDNI66HGAIHGQIVTV"
          },
          "sensitive_attributes": [],
          "private": "bnVsbA=="
        }
      ]
    },
    {
      "mode": "managed",
      "type": "aws_iam_role",
      "name": "eks_node_role",
      "provider": "provider[\"registry.terraform.io/hashicorp/aws\"]",
      "instances": [
        {
          "schema_version": 0,
          "attributes": {
            "arn": "arn:aws:iam::350931055052:role/eks_node_role",
            "assume_role_policy": "{\"Statement\":[{\"Action\":\"sts:AssumeRole\",\"Effect\":\"Allow\",\"Principal\":{\"Service\":\"ec2.amazonaws.com\"}}],\"Version\":\"2012-10-17\"}",
            "create_date": "2024-05-17T20:14:47Z",
            "description": "",
            "force_detach_policies": false,
            "id": "eks_node_role",
            "inline_policy": [],
            "managed_policy_arns": [
              "arn:aws:iam::aws:policy/AmazonEC2ContainerRegistryReadOnly",
              "arn:aws:iam::aws:policy/AmazonEKSWorkerNodePolicy",
              "arn:aws:iam::aws:policy/AmazonEKS_CNI_Policy"
            ],
            "max_session_duration": 3600,
            "name": "eks_node_role",
            "name_prefix": "",
            "path": "/",
            "permissions_boundary": "",
            "tags": {},
            "tags_all": {},
            "unique_id": "AROAVDNI66HGFSQT3C2KX"
          },
          "sensitive_attributes": [],
          "private": "bnVsbA=="
        }
      ]
    },
    {
      "mode": "managed",
      "type": "aws_iam_role_policy_attachment",
      "name": "ecr_read_only_policy",
      "provider": "provider[\"registry.terraform.io/hashicorp/aws\"]",
      "instances": [
        {
          "schema_version": 0,
          "attributes": {
            "id": "eks_node_role-20240517212035454900000003",
            "policy_arn": "arn:aws:iam::aws:policy/AmazonEC2ContainerRegistryReadOnly",
            "role": "eks_node_role"
          },
          "sensitive_attributes": [],
          "private": "bnVsbA==",
          "dependencies": [
            "aws_iam_role.eks_node_role"
          ]
        }
      ]
    },
    {
      "mode": "managed",
      "type": "aws_iam_role_policy_attachment",
      "name": "eks_cluster_policy",
      "provider": "provider[\"registry.terraform.io/hashicorp/aws\"]",
      "instances": [
        {
          "schema_version": 0,
          "attributes": {
            "id": "eks_cluster_role-20240517212035425600000002",
            "policy_arn": "arn:aws:iam::aws:policy/AmazonEKSClusterPolicy",
            "role": "eks_cluster_role"
          },
          "sensitive_attributes": [],
          "private": "bnVsbA==",
          "dependencies": [
            "aws_iam_role.eks_cluster_role"
          ]
        }
      ]
    },
    {
      "mode": "managed",
      "type": "aws_iam_role_policy_attachment",
      "name": "eks_cni_policy",
      "provider": "provider[\"registry.terraform.io/hashicorp/aws\"]",
      "instances": [
        {
          "schema_version": 0,
          "attributes": {
            "id": "eks_node_role-20240517212035418000000001",
            "policy_arn": "arn:aws:iam::aws:policy/AmazonEKS_CNI_Policy",
            "role": "eks_node_role"
          },
          "sensitive_attributes": [],
          "private": "bnVsbA==",
          "dependencies": [
            "aws_iam_role.eks_node_role"
          ]
        }
      ]
    },
    {
      "mode": "managed",
      "type": "aws_iam_role_policy_attachment",
      "name": "eks_worker_node_policy",
      "provider": "provider[\"registry.terraform.io/hashicorp/aws\"]",
      "instances": [
        {
          "schema_version": 0,
          "attributes": {
            "id": "eks_node_role-20240517212035455000000004",
            "policy_arn": "arn:aws:iam::aws:policy/AmazonEKSWorkerNodePolicy",
            "role": "eks_node_role"
          },
          "sensitive_attributes": [],
          "private": "bnVsbA==",
          "dependencies": [
            "aws_iam_role.eks_node_role"
          ]
        }
      ]
    },
    {
      "mode": "managed",
      "type": "aws_instance",
      "name": "bastion",
      "provider": "provider[\"registry.terraform.io/hashicorp/aws\"]",
      "instances": [
        {
          "schema_version": 1,
          "attributes": {
            "ami": "ami-0f58b397bc5c1f2e8",
            "arn": "arn:aws:ec2:ap-south-1:350931055052:instance/i-00e9396064f2131b1",
            "associate_public_ip_address": true,
            "availability_zone": "ap-south-1c",
            "capacity_reservation_specification": [
              {
                "capacity_reservation_preference": "open",
                "capacity_reservation_target": []
              }
            ],
            "cpu_core_count": 1,
            "cpu_options": [
              {
                "amd_sev_snp": "",
                "core_count": 1,
                "threads_per_core": 2
              }
            ],
            "cpu_threads_per_core": 2,
            "credit_specification": [
              {
                "cpu_credits": "unlimited"
              }
            ],
            "disable_api_stop": false,
            "disable_api_termination": false,
            "ebs_block_device": [],
            "ebs_optimized": false,
            "enclave_options": [
              {
                "enabled": false
              }
            ],
            "ephemeral_block_device": [],
            "get_password_data": false,
            "hibernation": false,
            "host_id": "",
            "host_resource_group_arn": null,
            "iam_instance_profile": "",
            "id": "i-00e9396064f2131b1",
            "instance_initiated_shutdown_behavior": "stop",
            "instance_lifecycle": "",
            "instance_market_options": [],
            "instance_state": "running",
            "instance_type": "t3.small",
            "ipv6_address_count": 0,
            "ipv6_addresses": [],
            "key_name": "node_exporter",
            "launch_template": [],
            "maintenance_options": [
              {
                "auto_recovery": "default"
              }
            ],
            "metadata_options": [
              {
                "http_endpoint": "enabled",
                "http_protocol_ipv6": "disabled",
                "http_put_response_hop_limit": 2,
                "http_tokens": "required",
                "instance_metadata_tags": "disabled"
              }
            ],
            "monitoring": false,
            "network_interface": [],
            "outpost_arn": "",
            "password_data": "",
            "placement_group": "",
            "placement_partition_number": 0,
            "primary_network_interface_id": "eni-062203bbbeba0291d",
            "private_dns": "ip-11-0-3-191.ap-south-1.compute.internal",
            "private_dns_name_options": [
              {
                "enable_resource_name_dns_a_record": false,
                "enable_resource_name_dns_aaaa_record": false,
                "hostname_type": "ip-name"
              }
            ],
            "private_ip": "11.0.3.191",
            "public_dns": "",
            "public_ip": "13.202.84.100",
            "root_block_device": [
              {
                "delete_on_termination": true,
                "device_name": "/dev/sda1",
                "encrypted": false,
                "iops": 3000,
                "kms_key_id": "",
                "tags": {},
                "tags_all": {},
                "throughput": 125,
                "volume_id": "vol-0828da710027380a6",
                "volume_size": 8,
                "volume_type": "gp3"
              }
            ],
            "secondary_private_ips": [],
            "security_groups": [],
            "source_dest_check": true,
            "spot_instance_request_id": "",
            "subnet_id": "subnet-0dc60472f101554c3",
            "tags": {
              "Name": "bastion-ne"
            },
            "tags_all": {
              "Name": "bastion-ne"
            },
            "tenancy": "default",
            "timeouts": null,
            "user_data": null,
            "user_data_base64": null,
            "user_data_replace_on_change": false,
            "volume_tags": null,
            "vpc_security_group_ids": [
              "sg-01dff6fa00a7cd572"
            ]
          },
          "sensitive_attributes": [],
          "private": "eyJlMmJmYjczMC1lY2FhLTExZTYtOGY4OC0zNDM2M2JjN2M0YzAiOnsiY3JlYXRlIjo2MDAwMDAwMDAwMDAsImRlbGV0ZSI6MTIwMDAwMDAwMDAwMCwicmVhZCI6OTAwMDAwMDAwMDAwLCJ1cGRhdGUiOjYwMDAwMDAwMDAwMH0sInNjaGVtYV92ZXJzaW9uIjoiMSJ9",
          "dependencies": [
            "aws_security_group.kubernetes",
            "aws_subnet.public_subnet1",
            "aws_vpc.main"
          ]
        }
      ]
    },
    {
      "mode": "managed",
      "type": "aws_internet_gateway",
      "name": "ne_internet_gateway",
      "provider": "provider[\"registry.terraform.io/hashicorp/aws\"]",
      "instances": [
        {
          "schema_version": 0,
          "attributes": {
            "arn": "arn:aws:ec2:ap-south-1:350931055052:internet-gateway/igw-07da3cb224f11d2e9",
            "id": "igw-07da3cb224f11d2e9",
            "owner_id": "350931055052",
            "tags": {},
            "tags_all": {},
            "timeouts": null,
            "vpc_id": "vpc-0fc575237fc0a6907"
          },
          "sensitive_attributes": [],
          "private": "eyJlMmJmYjczMC1lY2FhLTExZTYtOGY4OC0zNDM2M2JjN2M0YzAiOnsiY3JlYXRlIjoxMjAwMDAwMDAwMDAwLCJkZWxldGUiOjEyMDAwMDAwMDAwMDAsInVwZGF0ZSI6MTIwMDAwMDAwMDAwMH19",
          "dependencies": [
            "aws_vpc.main"
          ]
        }
      ]
    },
    {
      "mode": "managed",
      "type": "aws_nat_gateway",
      "name": "example",
      "provider": "provider[\"registry.terraform.io/hashicorp/aws\"]",
      "instances": [
        {
          "schema_version": 0,
          "attributes": {
            "allocation_id": "eipalloc-0aa63192af4f1e6db",
            "association_id": "eipassoc-001daaf61b5e5da64",
            "connectivity_type": "public",
            "id": "nat-03c111b926cb651f7",
            "network_interface_id": "eni-0623c4e51a2158f37",
            "private_ip": "11.0.3.39",
            "public_ip": "15.207.2.106",
            "secondary_allocation_ids": [],
            "secondary_private_ip_address_count": 0,
            "secondary_private_ip_addresses": [],
            "subnet_id": "subnet-0dc60472f101554c3",
            "tags": {},
            "tags_all": {},
            "timeouts": null
          },
          "sensitive_attributes": [],
          "private": "eyJlMmJmYjczMC1lY2FhLTExZTYtOGY4OC0zNDM2M2JjN2M0YzAiOnsiY3JlYXRlIjo2MDAwMDAwMDAwMDAsImRlbGV0ZSI6MTgwMDAwMDAwMDAwMCwidXBkYXRlIjo2MDAwMDAwMDAwMDB9fQ==",
          "dependencies": [
            "aws_eip.lb",
            "aws_subnet.public_subnet1",
            "aws_vpc.main"
          ]
        }
      ]
    },
    {
      "mode": "managed",
      "type": "aws_route",
      "name": "ne_internet_gateway",
      "provider": "provider[\"registry.terraform.io/hashicorp/aws\"]",
      "instances": [
        {
          "schema_version": 0,
          "attributes": {
            "carrier_gateway_id": "",
            "core_network_arn": "",
            "destination_cidr_block": "0.0.0.0/0",
            "destination_ipv6_cidr_block": "",
            "destination_prefix_list_id": "",
            "egress_only_gateway_id": "",
            "gateway_id": "igw-07da3cb224f11d2e9",
            "id": "r-rtb-0d7081c656f85bb781080289494",
            "instance_id": "",
            "instance_owner_id": "",
            "local_gateway_id": "",
            "nat_gateway_id": "",
            "network_interface_id": "",
            "origin": "CreateRoute",
            "route_table_id": "rtb-0d7081c656f85bb78",
            "state": "active",
            "timeouts": null,
            "transit_gateway_id": "",
            "vpc_endpoint_id": "",
            "vpc_peering_connection_id": ""
          },
          "sensitive_attributes": [],
          "private": "eyJlMmJmYjczMC1lY2FhLTExZTYtOGY4OC0zNDM2M2JjN2M0YzAiOnsiY3JlYXRlIjozMDAwMDAwMDAwMDAsImRlbGV0ZSI6MzAwMDAwMDAwMDAwLCJ1cGRhdGUiOjEyMDAwMDAwMDAwMH19",
          "dependencies": [
            "aws_internet_gateway.ne_internet_gateway",
            "aws_route_table.ne_internet_gateway",
            "aws_vpc.main"
          ]
        }
      ]
    },
    {
      "mode": "managed",
      "type": "aws_route",
      "name": "private_nat",
      "provider": "provider[\"registry.terraform.io/hashicorp/aws\"]",
      "instances": [
        {
          "schema_version": 0,
          "attributes": {
            "carrier_gateway_id": "",
            "core_network_arn": "",
            "destination_cidr_block": "0.0.0.0/0",
            "destination_ipv6_cidr_block": "",
            "destination_prefix_list_id": "",
            "egress_only_gateway_id": "",
            "gateway_id": "",
            "id": "r-rtb-093ccb26ccaed6ec71080289494",
            "instance_id": "",
            "instance_owner_id": "",
            "local_gateway_id": "",
            "nat_gateway_id": "nat-03c111b926cb651f7",
            "network_interface_id": "",
            "origin": "CreateRoute",
            "route_table_id": "rtb-093ccb26ccaed6ec7",
            "state": "active",
            "timeouts": null,
            "transit_gateway_id": "",
            "vpc_endpoint_id": "",
            "vpc_peering_connection_id": ""
          },
          "sensitive_attributes": [],
          "private": "eyJlMmJmYjczMC1lY2FhLTExZTYtOGY4OC0zNDM2M2JjN2M0YzAiOnsiY3JlYXRlIjozMDAwMDAwMDAwMDAsImRlbGV0ZSI6MzAwMDAwMDAwMDAwLCJ1cGRhdGUiOjEyMDAwMDAwMDAwMH19",
          "dependencies": [
            "aws_eip.lb",
            "aws_nat_gateway.example",
            "aws_route_table.private",
            "aws_subnet.public_subnet1",
            "aws_vpc.main"
          ]
        }
      ]
    },
    {
      "mode": "managed",
      "type": "aws_route53_record",
      "name": "cert_validation",
      "provider": "provider[\"registry.terraform.io/hashicorp/aws\"]",
      "instances": [
        {
          "index_key": "metrics.staytools.com",
          "schema_version": 2,
          "attributes": {
            "alias": [],
            "allow_overwrite": null,
            "cidr_routing_policy": [],
            "failover_routing_policy": [],
            "fqdn": "_f92c560604c96eafed7a91f042051dd7.metrics.staytools.com",
            "geolocation_routing_policy": [],
            "geoproximity_routing_policy": [],
            "health_check_id": "",
            "id": "Z03354183NMVA3RU59GLJ__f92c560604c96eafed7a91f042051dd7.metrics.staytools.com._CNAME",
            "latency_routing_policy": [],
            "multivalue_answer_routing_policy": false,
            "name": "_f92c560604c96eafed7a91f042051dd7.metrics.staytools.com",
            "records": [
              "_75460b437316f6b802a9c473ada7edb4.sdgjtdhdhz.acm-validations.aws."
            ],
            "set_identifier": "",
            "ttl": 60,
            "type": "CNAME",
            "weighted_routing_policy": [],
            "zone_id": "Z03354183NMVA3RU59GLJ"
          },
          "sensitive_attributes": [],
          "private": "eyJzY2hlbWFfdmVyc2lvbiI6IjIifQ==",
          "dependencies": [
            "aws_acm_certificate.cert"
          ]
        }
      ]
    },
    {
      "mode": "managed",
      "type": "aws_route53_record",
      "name": "node_exporter_lb",
      "provider": "provider[\"registry.terraform.io/hashicorp/aws\"]",
      "instances": [
        {
          "schema_version": 2,
          "attributes": {
            "alias": [
              {
                "evaluate_target_health": false,
                "name": "a837d43b11ca749dd991220c7a245292-1307686136.ap-south-1.elb.amazonaws.com",
                "zone_id": "ZP97RAFLXTNZK"
              }
            ],
            "allow_overwrite": null,
            "cidr_routing_policy": [],
            "failover_routing_policy": [],
            "fqdn": "metrics.staytools.com",
            "geolocation_routing_policy": [],
            "geoproximity_routing_policy": [],
            "health_check_id": "",
            "id": "Z03354183NMVA3RU59GLJ_metrics.staytools.com_A",
            "latency_routing_policy": [],
            "multivalue_answer_routing_policy": false,
            "name": "metrics.staytools.com",
            "records": [],
            "set_identifier": "",
            "ttl": 0,
            "type": "A",
            "weighted_routing_policy": [],
            "zone_id": "Z03354183NMVA3RU59GLJ"
          },
          "sensitive_attributes": [],
          "private": "eyJzY2hlbWFfdmVyc2lvbiI6IjIifQ==",
          "dependencies": [
            "aws_acm_certificate.cert",
            "aws_eks_cluster.my_cluster",
            "aws_eks_node_group.my_node_group",
            "aws_iam_role.eks_cluster_role",
            "aws_iam_role.eks_node_role",
            "aws_route53_record.cert_validation",
            "aws_security_group.kubernetes",
            "aws_subnet.private_subnet1",
            "aws_subnet.private_subnet2",
            "aws_subnet.public_subnet1",
            "aws_vpc.main",
            "data.aws_eks_cluster_auth.my_cluster",
            "data.aws_elb.node_exporter_lb",
            "kubernetes_service.node-exporter-service"
          ]
        }
      ]
    },
    {
      "mode": "managed",
      "type": "aws_route_table",
      "name": "ne_internet_gateway",
      "provider": "provider[\"registry.terraform.io/hashicorp/aws\"]",
      "instances": [
        {
          "schema_version": 0,
          "attributes": {
            "arn": "arn:aws:ec2:ap-south-1:350931055052:route-table/rtb-0d7081c656f85bb78",
            "id": "rtb-0d7081c656f85bb78",
            "owner_id": "350931055052",
            "propagating_vgws": [],
            "route": [
              {
                "carrier_gateway_id": "",
                "cidr_block": "0.0.0.0/0",
                "core_network_arn": "",
                "destination_prefix_list_id": "",
                "egress_only_gateway_id": "",
                "gateway_id": "igw-07da3cb224f11d2e9",
                "ipv6_cidr_block": "",
                "local_gateway_id": "",
                "nat_gateway_id": "",
                "network_interface_id": "",
                "transit_gateway_id": "",
                "vpc_endpoint_id": "",
                "vpc_peering_connection_id": ""
              }
            ],
            "tags": {},
            "tags_all": {},
            "timeouts": null,
            "vpc_id": "vpc-0fc575237fc0a6907"
          },
          "sensitive_attributes": [],
          "private": "eyJlMmJmYjczMC1lY2FhLTExZTYtOGY4OC0zNDM2M2JjN2M0YzAiOnsiY3JlYXRlIjozMDAwMDAwMDAwMDAsImRlbGV0ZSI6MzAwMDAwMDAwMDAwLCJ1cGRhdGUiOjEyMDAwMDAwMDAwMH19",
          "dependencies": [
            "aws_vpc.main"
          ]
        }
      ]
    },
    {
      "mode": "managed",
      "type": "aws_route_table",
      "name": "private",
      "provider": "provider[\"registry.terraform.io/hashicorp/aws\"]",
      "instances": [
        {
          "schema_version": 0,
          "attributes": {
            "arn": "arn:aws:ec2:ap-south-1:350931055052:route-table/rtb-093ccb26ccaed6ec7",
            "id": "rtb-093ccb26ccaed6ec7",
            "owner_id": "350931055052",
            "propagating_vgws": [],
            "route": [
              {
                "carrier_gateway_id": "",
                "cidr_block": "0.0.0.0/0",
                "core_network_arn": "",
                "destination_prefix_list_id": "",
                "egress_only_gateway_id": "",
                "gateway_id": "",
                "ipv6_cidr_block": "",
                "local_gateway_id": "",
                "nat_gateway_id": "nat-03c111b926cb651f7",
                "network_interface_id": "",
                "transit_gateway_id": "",
                "vpc_endpoint_id": "",
                "vpc_peering_connection_id": ""
              }
            ],
            "tags": {},
            "tags_all": {},
            "timeouts": null,
            "vpc_id": "vpc-0fc575237fc0a6907"
          },
          "sensitive_attributes": [],
          "private": "eyJlMmJmYjczMC1lY2FhLTExZTYtOGY4OC0zNDM2M2JjN2M0YzAiOnsiY3JlYXRlIjozMDAwMDAwMDAwMDAsImRlbGV0ZSI6MzAwMDAwMDAwMDAwLCJ1cGRhdGUiOjEyMDAwMDAwMDAwMH19",
          "dependencies": [
            "aws_vpc.main"
          ]
        }
      ]
    },
    {
      "mode": "managed",
      "type": "aws_route_table_association",
      "name": "ne_internet_gateway",
      "provider": "provider[\"registry.terraform.io/hashicorp/aws\"]",
      "instances": [
        {
          "schema_version": 0,
          "attributes": {
            "gateway_id": "",
            "id": "rtbassoc-03e98669069a44a36",
            "route_table_id": "rtb-0d7081c656f85bb78",
            "subnet_id": "subnet-0dc60472f101554c3",
            "timeouts": null
          },
          "sensitive_attributes": [],
          "private": "eyJlMmJmYjczMC1lY2FhLTExZTYtOGY4OC0zNDM2M2JjN2M0YzAiOnsiY3JlYXRlIjozMDAwMDAwMDAwMDAsImRlbGV0ZSI6MzAwMDAwMDAwMDAwLCJ1cGRhdGUiOjEyMDAwMDAwMDAwMH19",
          "dependencies": [
            "aws_route_table.ne_internet_gateway",
            "aws_subnet.public_subnet1",
            "aws_vpc.main"
          ]
        }
      ]
    },
    {
      "mode": "managed",
      "type": "aws_route_table_association",
      "name": "ne_private_nat_1",
      "provider": "provider[\"registry.terraform.io/hashicorp/aws\"]",
      "instances": [
        {
          "schema_version": 0,
          "attributes": {
            "gateway_id": "",
            "id": "rtbassoc-0b5d87ee5b1d3a6ad",
            "route_table_id": "rtb-093ccb26ccaed6ec7",
            "subnet_id": "subnet-0af388c1df29cecd1",
            "timeouts": null
          },
          "sensitive_attributes": [],
          "private": "eyJlMmJmYjczMC1lY2FhLTExZTYtOGY4OC0zNDM2M2JjN2M0YzAiOnsiY3JlYXRlIjozMDAwMDAwMDAwMDAsImRlbGV0ZSI6MzAwMDAwMDAwMDAwLCJ1cGRhdGUiOjEyMDAwMDAwMDAwMH19",
          "dependencies": [
            "aws_route_table.private",
            "aws_subnet.private_subnet1",
            "aws_vpc.main"
          ]
        }
      ]
    },
    {
      "mode": "managed",
      "type": "aws_route_table_association",
      "name": "ne_private_nat_2",
      "provider": "provider[\"registry.terraform.io/hashicorp/aws\"]",
      "instances": [
        {
          "schema_version": 0,
          "attributes": {
            "gateway_id": "",
            "id": "rtbassoc-0ae8e69a871843b9c",
            "route_table_id": "rtb-093ccb26ccaed6ec7",
            "subnet_id": "subnet-01b4105bbd4548fad",
            "timeouts": null
          },
          "sensitive_attributes": [],
          "private": "eyJlMmJmYjczMC1lY2FhLTExZTYtOGY4OC0zNDM2M2JjN2M0YzAiOnsiY3JlYXRlIjozMDAwMDAwMDAwMDAsImRlbGV0ZSI6MzAwMDAwMDAwMDAwLCJ1cGRhdGUiOjEyMDAwMDAwMDAwMH19",
          "dependencies": [
            "aws_route_table.private",
            "aws_subnet.private_subnet2",
            "aws_vpc.main"
          ]
        }
      ]
    },
    {
      "mode": "managed",
      "type": "aws_security_group",
      "name": "kubernetes",
      "provider": "provider[\"registry.terraform.io/hashicorp/aws\"]",
      "instances": [
        {
          "schema_version": 1,
          "attributes": {
            "arn": "arn:aws:ec2:ap-south-1:350931055052:security-group/sg-01dff6fa00a7cd572",
            "description": "Security group for Kubernetes cluster",
            "egress": [
              {
                "cidr_blocks": [
                  "0.0.0.0/0"
                ],
                "description": "",
                "from_port": 0,
                "ipv6_cidr_blocks": [],
                "prefix_list_ids": [],
                "protocol": "-1",
                "security_groups": [],
                "self": false,
                "to_port": 0
              }
            ],
            "id": "sg-01dff6fa00a7cd572",
            "ingress": [
              {
                "cidr_blocks": [
                  "0.0.0.0/0"
                ],
                "description": "",
                "from_port": 22,
                "ipv6_cidr_blocks": [],
                "prefix_list_ids": [],
                "protocol": "tcp",
                "security_groups": [],
                "self": false,
                "to_port": 22
              },
              {
                "cidr_blocks": [
                  "0.0.0.0/0"
                ],
                "description": "",
                "from_port": 443,
                "ipv6_cidr_blocks": [],
                "prefix_list_ids": [],
                "protocol": "tcp",
                "security_groups": [],
                "self": false,
                "to_port": 443
              },
              {
                "cidr_blocks": [
                  "0.0.0.0/0"
                ],
                "description": "",
                "from_port": 6443,
                "ipv6_cidr_blocks": [],
                "prefix_list_ids": [],
                "protocol": "tcp",
                "security_groups": [],
                "self": false,
                "to_port": 6443
              },
              {
                "cidr_blocks": [
                  "0.0.0.0/0"
                ],
                "description": "",
                "from_port": 80,
                "ipv6_cidr_blocks": [],
                "prefix_list_ids": [],
                "protocol": "tcp",
                "security_groups": [],
                "self": false,
                "to_port": 80
              },
              {
                "cidr_blocks": [
                  "0.0.0.0/0"
                ],
                "description": "",
                "from_port": 9100,
                "ipv6_cidr_blocks": [],
                "prefix_list_ids": [],
                "protocol": "tcp",
                "security_groups": [],
                "self": false,
                "to_port": 9100
              }
            ],
            "name": "kubernetes",
            "name_prefix": "",
            "owner_id": "350931055052",
            "revoke_rules_on_delete": false,
            "tags": {},
            "tags_all": {},
            "timeouts": null,
            "vpc_id": "vpc-0fc575237fc0a6907"
          },
          "sensitive_attributes": [],
          "private": "eyJlMmJmYjczMC1lY2FhLTExZTYtOGY4OC0zNDM2M2JjN2M0YzAiOnsiY3JlYXRlIjo2MDAwMDAwMDAwMDAsImRlbGV0ZSI6OTAwMDAwMDAwMDAwfSwic2NoZW1hX3ZlcnNpb24iOiIxIn0=",
          "dependencies": [
            "aws_vpc.main"
          ]
        }
      ]
    },
    {
      "mode": "managed",
      "type": "aws_subnet",
      "name": "private_subnet1",
      "provider": "provider[\"registry.terraform.io/hashicorp/aws\"]",
      "instances": [
        {
          "schema_version": 1,
          "attributes": {
            "arn": "arn:aws:ec2:ap-south-1:350931055052:subnet/subnet-0af388c1df29cecd1",
            "assign_ipv6_address_on_creation": false,
            "availability_zone": "ap-south-1a",
            "availability_zone_id": "aps1-az1",
            "cidr_block": "11.0.1.0/24",
            "customer_owned_ipv4_pool": "",
            "enable_dns64": false,
            "enable_lni_at_device_index": 0,
            "enable_resource_name_dns_a_record_on_launch": false,
            "enable_resource_name_dns_aaaa_record_on_launch": false,
            "id": "subnet-0af388c1df29cecd1",
            "ipv6_cidr_block": "",
            "ipv6_cidr_block_association_id": "",
            "ipv6_native": false,
            "map_customer_owned_ip_on_launch": false,
            "map_public_ip_on_launch": false,
            "outpost_arn": "",
            "owner_id": "350931055052",
            "private_dns_hostname_type_on_launch": "ip-name",
            "tags": {
              "Name": "ne_vpc_private_subnet_a"
            },
            "tags_all": {
              "Name": "ne_vpc_private_subnet_a"
            },
            "timeouts": null,
            "vpc_id": "vpc-0fc575237fc0a6907"
          },
          "sensitive_attributes": [],
          "private": "eyJlMmJmYjczMC1lY2FhLTExZTYtOGY4OC0zNDM2M2JjN2M0YzAiOnsiY3JlYXRlIjo2MDAwMDAwMDAwMDAsImRlbGV0ZSI6MTIwMDAwMDAwMDAwMH0sInNjaGVtYV92ZXJzaW9uIjoiMSJ9",
          "dependencies": [
            "aws_vpc.main"
          ]
        }
      ]
    },
    {
      "mode": "managed",
      "type": "aws_subnet",
      "name": "private_subnet2",
      "provider": "provider[\"registry.terraform.io/hashicorp/aws\"]",
      "instances": [
        {
          "schema_version": 1,
          "attributes": {
            "arn": "arn:aws:ec2:ap-south-1:350931055052:subnet/subnet-01b4105bbd4548fad",
            "assign_ipv6_address_on_creation": false,
            "availability_zone": "ap-south-1b",
            "availability_zone_id": "aps1-az3",
            "cidr_block": "11.0.2.0/24",
            "customer_owned_ipv4_pool": "",
            "enable_dns64": false,
            "enable_lni_at_device_index": 0,
            "enable_resource_name_dns_a_record_on_launch": false,
            "enable_resource_name_dns_aaaa_record_on_launch": false,
            "id": "subnet-01b4105bbd4548fad",
            "ipv6_cidr_block": "",
            "ipv6_cidr_block_association_id": "",
            "ipv6_native": false,
            "map_customer_owned_ip_on_launch": false,
            "map_public_ip_on_launch": false,
            "outpost_arn": "",
            "owner_id": "350931055052",
            "private_dns_hostname_type_on_launch": "ip-name",
            "tags": {
              "Name": "ne_vpc_private_subnet_b"
            },
            "tags_all": {
              "Name": "ne_vpc_private_subnet_b"
            },
            "timeouts": null,
            "vpc_id": "vpc-0fc575237fc0a6907"
          },
          "sensitive_attributes": [],
          "private": "eyJlMmJmYjczMC1lY2FhLTExZTYtOGY4OC0zNDM2M2JjN2M0YzAiOnsiY3JlYXRlIjo2MDAwMDAwMDAwMDAsImRlbGV0ZSI6MTIwMDAwMDAwMDAwMH0sInNjaGVtYV92ZXJzaW9uIjoiMSJ9",
          "dependencies": [
            "aws_vpc.main"
          ]
        }
      ]
    },
    {
      "mode": "managed",
      "type": "aws_subnet",
      "name": "public_subnet1",
      "provider": "provider[\"registry.terraform.io/hashicorp/aws\"]",
      "instances": [
        {
          "schema_version": 1,
          "attributes": {
            "arn": "arn:aws:ec2:ap-south-1:350931055052:subnet/subnet-0dc60472f101554c3",
            "assign_ipv6_address_on_creation": false,
            "availability_zone": "ap-south-1c",
            "availability_zone_id": "aps1-az2",
            "cidr_block": "11.0.3.0/24",
            "customer_owned_ipv4_pool": "",
            "enable_dns64": false,
            "enable_lni_at_device_index": 0,
            "enable_resource_name_dns_a_record_on_launch": false,
            "enable_resource_name_dns_aaaa_record_on_launch": false,
            "id": "subnet-0dc60472f101554c3",
            "ipv6_cidr_block": "",
            "ipv6_cidr_block_association_id": "",
            "ipv6_native": false,
            "map_customer_owned_ip_on_launch": false,
            "map_public_ip_on_launch": true,
            "outpost_arn": "",
            "owner_id": "350931055052",
            "private_dns_hostname_type_on_launch": "ip-name",
            "tags": {
              "Name": "ne_vpc_public_subnet_a"
            },
            "tags_all": {
              "Name": "ne_vpc_public_subnet_a"
            },
            "timeouts": null,
            "vpc_id": "vpc-0fc575237fc0a6907"
          },
          "sensitive_attributes": [],
          "private": "eyJlMmJmYjczMC1lY2FhLTExZTYtOGY4OC0zNDM2M2JjN2M0YzAiOnsiY3JlYXRlIjo2MDAwMDAwMDAwMDAsImRlbGV0ZSI6MTIwMDAwMDAwMDAwMH0sInNjaGVtYV92ZXJzaW9uIjoiMSJ9",
          "dependencies": [
            "aws_vpc.main"
          ]
        }
      ]
    },
    {
      "mode": "managed",
      "type": "aws_vpc",
      "name": "main",
      "provider": "provider[\"registry.terraform.io/hashicorp/aws\"]",
      "instances": [
        {
          "schema_version": 1,
          "attributes": {
            "arn": "arn:aws:ec2:ap-south-1:350931055052:vpc/vpc-0fc575237fc0a6907",
            "assign_generated_ipv6_cidr_block": false,
            "cidr_block": "11.0.0.0/16",
            "default_network_acl_id": "acl-0798bee5a16c9e412",
            "default_route_table_id": "rtb-0ec1d834aa9b0eb2f",
            "default_security_group_id": "sg-07c3846e4bf4a2953",
            "dhcp_options_id": "dopt-0e60a96e4ca8b8a53",
            "enable_dns_hostnames": false,
            "enable_dns_support": true,
            "enable_network_address_usage_metrics": false,
            "id": "vpc-0fc575237fc0a6907",
            "instance_tenancy": "default",
            "ipv4_ipam_pool_id": null,
            "ipv4_netmask_length": null,
            "ipv6_association_id": "",
            "ipv6_cidr_block": "",
            "ipv6_cidr_block_network_border_group": "",
            "ipv6_ipam_pool_id": "",
            "ipv6_netmask_length": 0,
            "main_route_table_id": "rtb-0ec1d834aa9b0eb2f",
            "owner_id": "350931055052",
            "tags": {
              "Name": "ne_vpc"
            },
            "tags_all": {
              "Name": "ne_vpc"
            }
          },
          "sensitive_attributes": [],
          "private": "eyJzY2hlbWFfdmVyc2lvbiI6IjEifQ=="
        }
      ]
    },
    {
      "mode": "managed",
      "type": "kubernetes_manifest",
      "name": "node_exporter_deployment",
      "provider": "provider[\"registry.terraform.io/hashicorp/kubernetes\"]",
      "instances": [
        {
          "schema_version": 1,
          "attributes": {
            "computed_fields": null,
            "field_manager": [],
            "manifest": {
              "value": {
                "apiVersion": "apps/v1",
                "kind": "Deployment",
                "metadata": {
                  "labels": {
                    "app": "node-exporter"
                  },
                  "name": "node-exporter",
                  "namespace": "default"
                },
                "spec": {
                  "replicas": 1,
                  "selector": {
                    "matchLabels": {
                      "app": "node-exporter"
                    }
                  },
                  "template": {
                    "metadata": {
                      "labels": {
                        "app": "node-exporter"
                      }
                    },
                    "spec": {
                      "containers": [
                        {
                          "args": [
                            "--path.rootfs=/host"
                          ],
                          "image": "quay.io/prometheus/node-exporter:latest",
                          "name": "node-exporter",
                          "ports": [
                            {
                              "containerPort": 9100,
                              "protocol": "TCP"
                            }
                          ],
                          "volumeMounts": [
                            {
                              "mountPath": "/host",
                              "name": "rootfs",
                              "readOnly": true
                            }
                          ]
                        }
                      ],
                      "nodeSelector": {
                        "eks.amazonaws.com/nodegroup": "ne_nodepool"
                      },
                      "volumes": [
                        {
                          "hostPath": {
                            "path": "/",
                            "type": "Directory"
                          },
                          "name": "rootfs"
                        }
                      ]
                    }
                  }
                }
              },
              "type": [
                "object",
                {
                  "apiVersion": "string",
                  "kind": "string",
                  "metadata": [
                    "object",
                    {
                      "labels": [
                        "object",
                        {
                          "app": "string"
                        }
                      ],
                      "name": "string",
                      "namespace": "string"
                    }
                  ],
                  "spec": [
                    "object",
                    {
                      "replicas": "number",
                      "selector": [
                        "object",
                        {
                          "matchLabels": [
                            "object",
                            {
                              "app": "string"
                            }
                          ]
                        }
                      ],
                      "template": [
                        "object",
                        {
                          "metadata": [
                            "object",
                            {
                              "labels": [
                                "object",
                                {
                                  "app": "string"
                                }
                              ]
                            }
                          ],
                          "spec": [
                            "object",
                            {
                              "containers": [
                                "tuple",
                                [
                                  [
                                    "object",
                                    {
                                      "args": [
                                        "tuple",
                                        [
                                          "string"
                                        ]
                                      ],
                                      "image": "string",
                                      "name": "string",
                                      "ports": [
                                        "tuple",
                                        [
                                          [
                                            "object",
                                            {
                                              "containerPort": "number",
                                              "protocol": "string"
                                            }
                                          ]
                                        ]
                                      ],
                                      "volumeMounts": [
                                        "tuple",
                                        [
                                          [
                                            "object",
                                            {
                                              "mountPath": "string",
                                              "name": "string",
                                              "readOnly": "bool"
                                            }
                                          ]
                                        ]
                                      ]
                                    }
                                  ]
                                ]
                              ],
                              "nodeSelector": [
                                "object",
                                {
                                  "eks.amazonaws.com/nodegroup": "string"
                                }
                              ],
                              "volumes": [
                                "tuple",
                                [
                                  [
                                    "object",
                                    {
                                      "hostPath": [
                                        "object",
                                        {
                                          "path": "string",
                                          "type": "string"
                                        }
                                      ],
                                      "name": "string"
                                    }
                                  ]
                                ]
                              ]
                            }
                          ]
                        }
                      ]
                    }
                  ]
                }
              ]
            },
            "object": {
              "value": {
                "apiVersion": "apps/v1",
                "kind": "Deployment",
                "metadata": {
                  "annotations": {
                    "deployment.kubernetes.io/revision": "1"
                  },
                  "creationTimestamp": null,
                  "deletionGracePeriodSeconds": null,
                  "deletionTimestamp": null,
                  "finalizers": null,
                  "generateName": null,
                  "generation": null,
                  "labels": {
                    "app": "node-exporter"
                  },
                  "managedFields": null,
                  "name": "node-exporter",
                  "namespace": "default",
                  "ownerReferences": null,
                  "resourceVersion": null,
                  "selfLink": null,
                  "uid": null
                },
                "spec": {
                  "minReadySeconds": null,
                  "paused": null,
                  "progressDeadlineSeconds": 600,
                  "replicas": 1,
                  "revisionHistoryLimit": 10,
                  "selector": {
                    "matchExpressions": null,
                    "matchLabels": {
                      "app": "node-exporter"
                    }
                  },
                  "strategy": {
                    "rollingUpdate": {
                      "maxSurge": "25%",
                      "maxUnavailable": "25%"
                    },
                    "type": "RollingUpdate"
                  },
                  "template": {
                    "metadata": {
                      "annotations": null,
                      "creationTimestamp": null,
                      "deletionGracePeriodSeconds": null,
                      "deletionTimestamp": null,
                      "finalizers": null,
                      "generateName": null,
                      "generation": null,
                      "labels": {
                        "app": "node-exporter"
                      },
                      "managedFields": null,
                      "name": null,
                      "namespace": null,
                      "ownerReferences": null,
                      "resourceVersion": null,
                      "selfLink": null,
                      "uid": null
                    },
                    "spec": {
                      "activeDeadlineSeconds": null,
                      "affinity": {
                        "nodeAffinity": {
                          "preferredDuringSchedulingIgnoredDuringExecution": null,
                          "requiredDuringSchedulingIgnoredDuringExecution": {
                            "nodeSelectorTerms": null
                          }
                        },
                        "podAffinity": {
                          "preferredDuringSchedulingIgnoredDuringExecution": null,
                          "requiredDuringSchedulingIgnoredDuringExecution": null
                        },
                        "podAntiAffinity": {
                          "preferredDuringSchedulingIgnoredDuringExecution": null,
                          "requiredDuringSchedulingIgnoredDuringExecution": null
                        }
                      },
                      "automountServiceAccountToken": null,
                      "containers": [
                        {
                          "args": [
                            "--path.rootfs=/host"
                          ],
                          "command": null,
                          "env": null,
                          "envFrom": null,
                          "image": "quay.io/prometheus/node-exporter:latest",
                          "imagePullPolicy": "Always",
                          "lifecycle": {
                            "postStart": {
                              "exec": {
                                "command": null
                              },
                              "httpGet": {
                                "host": null,
                                "httpHeaders": null,
                                "path": null,
                                "port": null,
                                "scheme": null
                              },
                              "tcpSocket": {
                                "host": null,
                                "port": null
                              }
                            },
                            "preStop": {
                              "exec": {
                                "command": null
                              },
                              "httpGet": {
                                "host": null,
                                "httpHeaders": null,
                                "path": null,
                                "port": null,
                                "scheme": null
                              },
                              "tcpSocket": {
                                "host": null,
                                "port": null
                              }
                            }
                          },
                          "livenessProbe": {
                            "exec": {
                              "command": null
                            },
                            "failureThreshold": null,
                            "grpc": {
                              "port": null,
                              "service": null
                            },
                            "httpGet": {
                              "host": null,
                              "httpHeaders": null,
                              "path": null,
                              "port": null,
                              "scheme": null
                            },
                            "initialDelaySeconds": null,
                            "periodSeconds": null,
                            "successThreshold": null,
                            "tcpSocket": {
                              "host": null,
                              "port": null
                            },
                            "terminationGracePeriodSeconds": null,
                            "timeoutSeconds": null
                          },
                          "name": "node-exporter",
                          "ports": [
                            {
                              "containerPort": 9100,
                              "hostIP": null,
                              "hostPort": null,
                              "name": null,
                              "protocol": "TCP"
                            }
                          ],
                          "readinessProbe": {
                            "exec": {
                              "command": null
                            },
                            "failureThreshold": null,
                            "grpc": {
                              "port": null,
                              "service": null
                            },
                            "httpGet": {
                              "host": null,
                              "httpHeaders": null,
                              "path": null,
                              "port": null,
                              "scheme": null
                            },
                            "initialDelaySeconds": null,
                            "periodSeconds": null,
                            "successThreshold": null,
                            "tcpSocket": {
                              "host": null,
                              "port": null
                            },
                            "terminationGracePeriodSeconds": null,
                            "timeoutSeconds": null
                          },
                          "resizePolicy": null,
                          "resources": {
                            "claims": null,
                            "limits": null,
                            "requests": null
                          },
                          "restartPolicy": null,
                          "securityContext": {
                            "allowPrivilegeEscalation": null,
                            "capabilities": {
                              "add": null,
                              "drop": null
                            },
                            "privileged": null,
                            "procMount": null,
                            "readOnlyRootFilesystem": null,
                            "runAsGroup": null,
                            "runAsNonRoot": null,
                            "runAsUser": null,
                            "seLinuxOptions": {
                              "level": null,
                              "role": null,
                              "type": null,
                              "user": null
                            },
                            "seccompProfile": {
                              "localhostProfile": null,
                              "type": null
                            },
                            "windowsOptions": {
                              "gmsaCredentialSpec": null,
                              "gmsaCredentialSpecName": null,
                              "hostProcess": null,
                              "runAsUserName": null
                            }
                          },
                          "startupProbe": {
                            "exec": {
                              "command": null
                            },
                            "failureThreshold": null,
                            "grpc": {
                              "port": null,
                              "service": null
                            },
                            "httpGet": {
                              "host": null,
                              "httpHeaders": null,
                              "path": null,
                              "port": null,
                              "scheme": null
                            },
                            "initialDelaySeconds": null,
                            "periodSeconds": null,
                            "successThreshold": null,
                            "tcpSocket": {
                              "host": null,
                              "port": null
                            },
                            "terminationGracePeriodSeconds": null,
                            "timeoutSeconds": null
                          },
                          "stdin": null,
                          "stdinOnce": null,
                          "terminationMessagePath": "/dev/termination-log",
                          "terminationMessagePolicy": "File",
                          "tty": null,
                          "volumeDevices": null,
                          "volumeMounts": [
                            {
                              "mountPath": "/host",
                              "mountPropagation": null,
                              "name": "rootfs",
                              "readOnly": true,
                              "subPath": null,
                              "subPathExpr": null
                            }
                          ],
                          "workingDir": null
                        }
                      ],
                      "dnsConfig": {
                        "nameservers": null,
                        "options": null,
                        "searches": null
                      },
                      "dnsPolicy": "ClusterFirst",
                      "enableServiceLinks": null,
                      "ephemeralContainers": null,
                      "hostAliases": null,
                      "hostIPC": null,
                      "hostNetwork": null,
                      "hostPID": null,
                      "hostUsers": null,
                      "hostname": null,
                      "imagePullSecrets": null,
                      "initContainers": null,
                      "nodeName": null,
                      "nodeSelector": {
                        "eks.amazonaws.com/nodegroup": "ne_nodepool"
                      },
                      "os": {
                        "name": null
                      },
                      "overhead": null,
                      "preemptionPolicy": null,
                      "priority": null,
                      "priorityClassName": null,
                      "readinessGates": null,
                      "resourceClaims": null,
                      "restartPolicy": "Always",
                      "runtimeClassName": null,
                      "schedulerName": "default-scheduler",
                      "schedulingGates": null,
                      "securityContext": {
                        "fsGroup": null,
                        "fsGroupChangePolicy": null,
                        "runAsGroup": null,
                        "runAsNonRoot": null,
                        "runAsUser": null,
                        "seLinuxOptions": {
                          "level": null,
                          "role": null,
                          "type": null,
                          "user": null
                        },
                        "seccompProfile": {
                          "localhostProfile": null,
                          "type": null
                        },
                        "supplementalGroups": null,
                        "sysctls": null,
                        "windowsOptions": {
                          "gmsaCredentialSpec": null,
                          "gmsaCredentialSpecName": null,
                          "hostProcess": null,
                          "runAsUserName": null
                        }
                      },
                      "serviceAccount": null,
                      "serviceAccountName": null,
                      "setHostnameAsFQDN": null,
                      "shareProcessNamespace": null,
                      "subdomain": null,
                      "terminationGracePeriodSeconds": 30,
                      "tolerations": null,
                      "topologySpreadConstraints": null,
                      "volumes": [
                        {
                          "awsElasticBlockStore": {
                            "fsType": null,
                            "partition": null,
                            "readOnly": null,
                            "volumeID": null
                          },
                          "azureDisk": {
                            "cachingMode": null,
                            "diskName": null,
                            "diskURI": null,
                            "fsType": null,
                            "kind": null,
                            "readOnly": null
                          },
                          "azureFile": {
                            "readOnly": null,
                            "secretName": null,
                            "shareName": null
                          },
                          "cephfs": {
                            "monitors": null,
                            "path": null,
                            "readOnly": null,
                            "secretFile": null,
                            "secretRef": {
                              "name": null
                            },
                            "user": null
                          },
                          "cinder": {
                            "fsType": null,
                            "readOnly": null,
                            "secretRef": {
                              "name": null
                            },
                            "volumeID": null
                          },
                          "configMap": {
                            "defaultMode": null,
                            "items": null,
                            "name": null,
                            "optional": null
                          },
                          "csi": {
                            "driver": null,
                            "fsType": null,
                            "nodePublishSecretRef": {
                              "name": null
                            },
                            "readOnly": null,
                            "volumeAttributes": null
                          },
                          "downwardAPI": {
                            "defaultMode": null,
                            "items": null
                          },
                          "emptyDir": {
                            "medium": null,
                            "sizeLimit": null
                          },
                          "ephemeral": {
                            "volumeClaimTemplate": {
                              "metadata": {
                                "annotations": null,
                                "creationTimestamp": null,
                                "deletionGracePeriodSeconds": null,
                                "deletionTimestamp": null,
                                "finalizers": null,
                                "generateName": null,
                                "generation": null,
                                "labels": null,
                                "managedFields": null,
                                "name": null,
                                "namespace": null,
                                "ownerReferences": null,
                                "resourceVersion": null,
                                "selfLink": null,
                                "uid": null
                              },
                              "spec": {
                                "accessModes": null,
                                "dataSource": {
                                  "apiGroup": null,
                                  "kind": null,
                                  "name": null
                                },
                                "dataSourceRef": {
                                  "apiGroup": null,
                                  "kind": null,
                                  "name": null,
                                  "namespace": null
                                },
                                "resources": {
                                  "claims": null,
                                  "limits": null,
                                  "requests": null
                                },
                                "selector": {
                                  "matchExpressions": null,
                                  "matchLabels": null
                                },
                                "storageClassName": null,
                                "volumeMode": null,
                                "volumeName": null
                              }
                            }
                          },
                          "fc": {
                            "fsType": null,
                            "lun": null,
                            "readOnly": null,
                            "targetWWNs": null,
                            "wwids": null
                          },
                          "flexVolume": {
                            "driver": null,
                            "fsType": null,
                            "options": null,
                            "readOnly": null,
                            "secretRef": {
                              "name": null
                            }
                          },
                          "flocker": {
                            "datasetName": null,
                            "datasetUUID": null
                          },
                          "gcePersistentDisk": {
                            "fsType": null,
                            "partition": null,
                            "pdName": null,
                            "readOnly": null
                          },
                          "gitRepo": {
                            "directory": null,
                            "repository": null,
                            "revision": null
                          },
                          "glusterfs": {
                            "endpoints": null,
                            "path": null,
                            "readOnly": null
                          },
                          "hostPath": {
                            "path": "/",
                            "type": "Directory"
                          },
                          "iscsi": {
                            "chapAuthDiscovery": null,
                            "chapAuthSession": null,
                            "fsType": null,
                            "initiatorName": null,
                            "iqn": null,
                            "iscsiInterface": null,
                            "lun": null,
                            "portals": null,
                            "readOnly": null,
                            "secretRef": {
                              "name": null
                            },
                            "targetPortal": null
                          },
                          "name": "rootfs",
                          "nfs": {
                            "path": null,
                            "readOnly": null,
                            "server": null
                          },
                          "persistentVolumeClaim": {
                            "claimName": null,
                            "readOnly": null
                          },
                          "photonPersistentDisk": {
                            "fsType": null,
                            "pdID": null
                          },
                          "portworxVolume": {
                            "fsType": null,
                            "readOnly": null,
                            "volumeID": null
                          },
                          "projected": {
                            "defaultMode": null,
                            "sources": null
                          },
                          "quobyte": {
                            "group": null,
                            "readOnly": null,
                            "registry": null,
                            "tenant": null,
                            "user": null,
                            "volume": null
                          },
                          "rbd": {
                            "fsType": null,
                            "image": null,
                            "keyring": null,
                            "monitors": null,
                            "pool": null,
                            "readOnly": null,
                            "secretRef": {
                              "name": null
                            },
                            "user": null
                          },
                          "scaleIO": {
                            "fsType": null,
                            "gateway": null,
                            "protectionDomain": null,
                            "readOnly": null,
                            "secretRef": {
                              "name": null
                            },
                            "sslEnabled": null,
                            "storageMode": null,
                            "storagePool": null,
                            "system": null,
                            "volumeName": null
                          },
                          "secret": {
                            "defaultMode": null,
                            "items": null,
                            "optional": null,
                            "secretName": null
                          },
                          "storageos": {
                            "fsType": null,
                            "readOnly": null,
                            "secretRef": {
                              "name": null
                            },
                            "volumeName": null,
                            "volumeNamespace": null
                          },
                          "vsphereVolume": {
                            "fsType": null,
                            "storagePolicyID": null,
                            "storagePolicyName": null,
                            "volumePath": null
                          }
                        }
                      ]
                    }
                  }
                }
              },
              "type": [
                "object",
                {
                  "apiVersion": "string",
                  "kind": "string",
                  "metadata": [
                    "object",
                    {
                      "annotations": [
                        "map",
                        "string"
                      ],
                      "creationTimestamp": "string",
                      "deletionGracePeriodSeconds": "number",
                      "deletionTimestamp": "string",
                      "finalizers": [
                        "list",
                        "string"
                      ],
                      "generateName": "string",
                      "generation": "number",
                      "labels": [
                        "map",
                        "string"
                      ],
                      "managedFields": [
                        "tuple",
                        [
                          [
                            "object",
                            {
                              "apiVersion": "string",
                              "fieldsType": "string",
                              "fieldsV1": "dynamic",
                              "manager": "string",
                              "operation": "string",
                              "subresource": "string",
                              "time": "string"
                            }
                          ]
                        ]
                      ],
                      "name": "string",
                      "namespace": "string",
                      "ownerReferences": [
                        "list",
                        [
                          "object",
                          {
                            "apiVersion": "string",
                            "blockOwnerDeletion": "bool",
                            "controller": "bool",
                            "kind": "string",
                            "name": "string",
                            "uid": "string"
                          }
                        ]
                      ],
                      "resourceVersion": "string",
                      "selfLink": "string",
                      "uid": "string"
                    }
                  ],
                  "spec": [
                    "object",
                    {
                      "minReadySeconds": "number",
                      "paused": "bool",
                      "progressDeadlineSeconds": "number",
                      "replicas": "number",
                      "revisionHistoryLimit": "number",
                      "selector": [
                        "object",
                        {
                          "matchExpressions": [
                            "list",
                            [
                              "object",
                              {
                                "key": "string",
                                "operator": "string",
                                "values": [
                                  "list",
                                  "string"
                                ]
                              }
                            ]
                          ],
                          "matchLabels": [
                            "map",
                            "string"
                          ]
                        }
                      ],
                      "strategy": [
                        "object",
                        {
                          "rollingUpdate": [
                            "object",
                            {
                              "maxSurge": "string",
                              "maxUnavailable": "string"
                            }
                          ],
                          "type": "string"
                        }
                      ],
                      "template": [
                        "object",
                        {
                          "metadata": [
                            "object",
                            {
                              "annotations": [
                                "map",
                                "string"
                              ],
                              "creationTimestamp": "string",
                              "deletionGracePeriodSeconds": "number",
                              "deletionTimestamp": "string",
                              "finalizers": [
                                "list",
                                "string"
                              ],
                              "generateName": "string",
                              "generation": "number",
                              "labels": [
                                "map",
                                "string"
                              ],
                              "managedFields": [
                                "tuple",
                                [
                                  [
                                    "object",
                                    {
                                      "apiVersion": "string",
                                      "fieldsType": "string",
                                      "fieldsV1": "dynamic",
                                      "manager": "string",
                                      "operation": "string",
                                      "subresource": "string",
                                      "time": "string"
                                    }
                                  ]
                                ]
                              ],
                              "name": "string",
                              "namespace": "string",
                              "ownerReferences": [
                                "list",
                                [
                                  "object",
                                  {
                                    "apiVersion": "string",
                                    "blockOwnerDeletion": "bool",
                                    "controller": "bool",
                                    "kind": "string",
                                    "name": "string",
                                    "uid": "string"
                                  }
                                ]
                              ],
                              "resourceVersion": "string",
                              "selfLink": "string",
                              "uid": "string"
                            }
                          ],
                          "spec": [
                            "object",
                            {
                              "activeDeadlineSeconds": "number",
                              "affinity": [
                                "object",
                                {
                                  "nodeAffinity": [
                                    "object",
                                    {
                                      "preferredDuringSchedulingIgnoredDuringExecution": [
                                        "list",
                                        [
                                          "object",
                                          {
                                            "preference": [
                                              "object",
                                              {
                                                "matchExpressions": [
                                                  "list",
                                                  [
                                                    "object",
                                                    {
                                                      "key": "string",
                                                      "operator": "string",
                                                      "values": [
                                                        "list",
                                                        "string"
                                                      ]
                                                    }
                                                  ]
                                                ],
                                                "matchFields": [
                                                  "list",
                                                  [
                                                    "object",
                                                    {
                                                      "key": "string",
                                                      "operator": "string",
                                                      "values": [
                                                        "list",
                                                        "string"
                                                      ]
                                                    }
                                                  ]
                                                ]
                                              }
                                            ],
                                            "weight": "number"
                                          }
                                        ]
                                      ],
                                      "requiredDuringSchedulingIgnoredDuringExecution": [
                                        "object",
                                        {
                                          "nodeSelectorTerms": [
                                            "list",
                                            [
                                              "object",
                                              {
                                                "matchExpressions": [
                                                  "list",
                                                  [
                                                    "object",
                                                    {
                                                      "key": "string",
                                                      "operator": "string",
                                                      "values": [
                                                        "list",
                                                        "string"
                                                      ]
                                                    }
                                                  ]
                                                ],
                                                "matchFields": [
                                                  "list",
                                                  [
                                                    "object",
                                                    {
                                                      "key": "string",
                                                      "operator": "string",
                                                      "values": [
                                                        "list",
                                                        "string"
                                                      ]
                                                    }
                                                  ]
                                                ]
                                              }
                                            ]
                                          ]
                                        }
                                      ]
                                    }
                                  ],
                                  "podAffinity": [
                                    "object",
                                    {
                                      "preferredDuringSchedulingIgnoredDuringExecution": [
                                        "list",
                                        [
                                          "object",
                                          {
                                            "podAffinityTerm": [
                                              "object",
                                              {
                                                "labelSelector": [
                                                  "object",
                                                  {
                                                    "matchExpressions": [
                                                      "list",
                                                      [
                                                        "object",
                                                        {
                                                          "key": "string",
                                                          "operator": "string",
                                                          "values": [
                                                            "list",
                                                            "string"
                                                          ]
                                                        }
                                                      ]
                                                    ],
                                                    "matchLabels": [
                                                      "map",
                                                      "string"
                                                    ]
                                                  }
                                                ],
                                                "namespaceSelector": [
                                                  "object",
                                                  {
                                                    "matchExpressions": [
                                                      "list",
                                                      [
                                                        "object",
                                                        {
                                                          "key": "string",
                                                          "operator": "string",
                                                          "values": [
                                                            "list",
                                                            "string"
                                                          ]
                                                        }
                                                      ]
                                                    ],
                                                    "matchLabels": [
                                                      "map",
                                                      "string"
                                                    ]
                                                  }
                                                ],
                                                "namespaces": [
                                                  "list",
                                                  "string"
                                                ],
                                                "topologyKey": "string"
                                              }
                                            ],
                                            "weight": "number"
                                          }
                                        ]
                                      ],
                                      "requiredDuringSchedulingIgnoredDuringExecution": [
                                        "list",
                                        [
                                          "object",
                                          {
                                            "labelSelector": [
                                              "object",
                                              {
                                                "matchExpressions": [
                                                  "list",
                                                  [
                                                    "object",
                                                    {
                                                      "key": "string",
                                                      "operator": "string",
                                                      "values": [
                                                        "list",
                                                        "string"
                                                      ]
                                                    }
                                                  ]
                                                ],
                                                "matchLabels": [
                                                  "map",
                                                  "string"
                                                ]
                                              }
                                            ],
                                            "namespaceSelector": [
                                              "object",
                                              {
                                                "matchExpressions": [
                                                  "list",
                                                  [
                                                    "object",
                                                    {
                                                      "key": "string",
                                                      "operator": "string",
                                                      "values": [
                                                        "list",
                                                        "string"
                                                      ]
                                                    }
                                                  ]
                                                ],
                                                "matchLabels": [
                                                  "map",
                                                  "string"
                                                ]
                                              }
                                            ],
                                            "namespaces": [
                                              "list",
                                              "string"
                                            ],
                                            "topologyKey": "string"
                                          }
                                        ]
                                      ]
                                    }
                                  ],
                                  "podAntiAffinity": [
                                    "object",
                                    {
                                      "preferredDuringSchedulingIgnoredDuringExecution": [
                                        "list",
                                        [
                                          "object",
                                          {
                                            "podAffinityTerm": [
                                              "object",
                                              {
                                                "labelSelector": [
                                                  "object",
                                                  {
                                                    "matchExpressions": [
                                                      "list",
                                                      [
                                                        "object",
                                                        {
                                                          "key": "string",
                                                          "operator": "string",
                                                          "values": [
                                                            "list",
                                                            "string"
                                                          ]
                                                        }
                                                      ]
                                                    ],
                                                    "matchLabels": [
                                                      "map",
                                                      "string"
                                                    ]
                                                  }
                                                ],
                                                "namespaceSelector": [
                                                  "object",
                                                  {
                                                    "matchExpressions": [
                                                      "list",
                                                      [
                                                        "object",
                                                        {
                                                          "key": "string",
                                                          "operator": "string",
                                                          "values": [
                                                            "list",
                                                            "string"
                                                          ]
                                                        }
                                                      ]
                                                    ],
                                                    "matchLabels": [
                                                      "map",
                                                      "string"
                                                    ]
                                                  }
                                                ],
                                                "namespaces": [
                                                  "list",
                                                  "string"
                                                ],
                                                "topologyKey": "string"
                                              }
                                            ],
                                            "weight": "number"
                                          }
                                        ]
                                      ],
                                      "requiredDuringSchedulingIgnoredDuringExecution": [
                                        "list",
                                        [
                                          "object",
                                          {
                                            "labelSelector": [
                                              "object",
                                              {
                                                "matchExpressions": [
                                                  "list",
                                                  [
                                                    "object",
                                                    {
                                                      "key": "string",
                                                      "operator": "string",
                                                      "values": [
                                                        "list",
                                                        "string"
                                                      ]
                                                    }
                                                  ]
                                                ],
                                                "matchLabels": [
                                                  "map",
                                                  "string"
                                                ]
                                              }
                                            ],
                                            "namespaceSelector": [
                                              "object",
                                              {
                                                "matchExpressions": [
                                                  "list",
                                                  [
                                                    "object",
                                                    {
                                                      "key": "string",
                                                      "operator": "string",
                                                      "values": [
                                                        "list",
                                                        "string"
                                                      ]
                                                    }
                                                  ]
                                                ],
                                                "matchLabels": [
                                                  "map",
                                                  "string"
                                                ]
                                              }
                                            ],
                                            "namespaces": [
                                              "list",
                                              "string"
                                            ],
                                            "topologyKey": "string"
                                          }
                                        ]
                                      ]
                                    }
                                  ]
                                }
                              ],
                              "automountServiceAccountToken": "bool",
                              "containers": [
                                "list",
                                [
                                  "object",
                                  {
                                    "args": [
                                      "list",
                                      "string"
                                    ],
                                    "command": [
                                      "list",
                                      "string"
                                    ],
                                    "env": [
                                      "list",
                                      [
                                        "object",
                                        {
                                          "name": "string",
                                          "value": "string",
                                          "valueFrom": [
                                            "object",
                                            {
                                              "configMapKeyRef": [
                                                "object",
                                                {
                                                  "key": "string",
                                                  "name": "string",
                                                  "optional": "bool"
                                                }
                                              ],
                                              "fieldRef": [
                                                "object",
                                                {
                                                  "apiVersion": "string",
                                                  "fieldPath": "string"
                                                }
                                              ],
                                              "resourceFieldRef": [
                                                "object",
                                                {
                                                  "containerName": "string",
                                                  "divisor": "string",
                                                  "resource": "string"
                                                }
                                              ],
                                              "secretKeyRef": [
                                                "object",
                                                {
                                                  "key": "string",
                                                  "name": "string",
                                                  "optional": "bool"
                                                }
                                              ]
                                            }
                                          ]
                                        }
                                      ]
                                    ],
                                    "envFrom": [
                                      "list",
                                      [
                                        "object",
                                        {
                                          "configMapRef": [
                                            "object",
                                            {
                                              "name": "string",
                                              "optional": "bool"
                                            }
                                          ],
                                          "prefix": "string",
                                          "secretRef": [
                                            "object",
                                            {
                                              "name": "string",
                                              "optional": "bool"
                                            }
                                          ]
                                        }
                                      ]
                                    ],
                                    "image": "string",
                                    "imagePullPolicy": "string",
                                    "lifecycle": [
                                      "object",
                                      {
                                        "postStart": [
                                          "object",
                                          {
                                            "exec": [
                                              "object",
                                              {
                                                "command": [
                                                  "list",
                                                  "string"
                                                ]
                                              }
                                            ],
                                            "httpGet": [
                                              "object",
                                              {
                                                "host": "string",
                                                "httpHeaders": [
                                                  "list",
                                                  [
                                                    "object",
                                                    {
                                                      "name": "string",
                                                      "value": "string"
                                                    }
                                                  ]
                                                ],
                                                "path": "string",
                                                "port": "string",
                                                "scheme": "string"
                                              }
                                            ],
                                            "tcpSocket": [
                                              "object",
                                              {
                                                "host": "string",
                                                "port": "string"
                                              }
                                            ]
                                          }
                                        ],
                                        "preStop": [
                                          "object",
                                          {
                                            "exec": [
                                              "object",
                                              {
                                                "command": [
                                                  "list",
                                                  "string"
                                                ]
                                              }
                                            ],
                                            "httpGet": [
                                              "object",
                                              {
                                                "host": "string",
                                                "httpHeaders": [
                                                  "list",
                                                  [
                                                    "object",
                                                    {
                                                      "name": "string",
                                                      "value": "string"
                                                    }
                                                  ]
                                                ],
                                                "path": "string",
                                                "port": "string",
                                                "scheme": "string"
                                              }
                                            ],
                                            "tcpSocket": [
                                              "object",
                                              {
                                                "host": "string",
                                                "port": "string"
                                              }
                                            ]
                                          }
                                        ]
                                      }
                                    ],
                                    "livenessProbe": [
                                      "object",
                                      {
                                        "exec": [
                                          "object",
                                          {
                                            "command": [
                                              "list",
                                              "string"
                                            ]
                                          }
                                        ],
                                        "failureThreshold": "number",
                                        "grpc": [
                                          "object",
                                          {
                                            "port": "number",
                                            "service": "string"
                                          }
                                        ],
                                        "httpGet": [
                                          "object",
                                          {
                                            "host": "string",
                                            "httpHeaders": [
                                              "list",
                                              [
                                                "object",
                                                {
                                                  "name": "string",
                                                  "value": "string"
                                                }
                                              ]
                                            ],
                                            "path": "string",
                                            "port": "string",
                                            "scheme": "string"
                                          }
                                        ],
                                        "initialDelaySeconds": "number",
                                        "periodSeconds": "number",
                                        "successThreshold": "number",
                                        "tcpSocket": [
                                          "object",
                                          {
                                            "host": "string",
                                            "port": "string"
                                          }
                                        ],
                                        "terminationGracePeriodSeconds": "number",
                                        "timeoutSeconds": "number"
                                      }
                                    ],
                                    "name": "string",
                                    "ports": [
                                      "list",
                                      [
                                        "object",
                                        {
                                          "containerPort": "number",
                                          "hostIP": "string",
                                          "hostPort": "number",
                                          "name": "string",
                                          "protocol": "string"
                                        }
                                      ]
                                    ],
                                    "readinessProbe": [
                                      "object",
                                      {
                                        "exec": [
                                          "object",
                                          {
                                            "command": [
                                              "list",
                                              "string"
                                            ]
                                          }
                                        ],
                                        "failureThreshold": "number",
                                        "grpc": [
                                          "object",
                                          {
                                            "port": "number",
                                            "service": "string"
                                          }
                                        ],
                                        "httpGet": [
                                          "object",
                                          {
                                            "host": "string",
                                            "httpHeaders": [
                                              "list",
                                              [
                                                "object",
                                                {
                                                  "name": "string",
                                                  "value": "string"
                                                }
                                              ]
                                            ],
                                            "path": "string",
                                            "port": "string",
                                            "scheme": "string"
                                          }
                                        ],
                                        "initialDelaySeconds": "number",
                                        "periodSeconds": "number",
                                        "successThreshold": "number",
                                        "tcpSocket": [
                                          "object",
                                          {
                                            "host": "string",
                                            "port": "string"
                                          }
                                        ],
                                        "terminationGracePeriodSeconds": "number",
                                        "timeoutSeconds": "number"
                                      }
                                    ],
                                    "resizePolicy": [
                                      "list",
                                      [
                                        "object",
                                        {
                                          "resourceName": "string",
                                          "restartPolicy": "string"
                                        }
                                      ]
                                    ],
                                    "resources": [
                                      "object",
                                      {
                                        "claims": [
                                          "list",
                                          [
                                            "object",
                                            {
                                              "name": "string"
                                            }
                                          ]
                                        ],
                                        "limits": [
                                          "map",
                                          "string"
                                        ],
                                        "requests": [
                                          "map",
                                          "string"
                                        ]
                                      }
                                    ],
                                    "restartPolicy": "string",
                                    "securityContext": [
                                      "object",
                                      {
                                        "allowPrivilegeEscalation": "bool",
                                        "capabilities": [
                                          "object",
                                          {
                                            "add": [
                                              "list",
                                              "string"
                                            ],
                                            "drop": [
                                              "list",
                                              "string"
                                            ]
                                          }
                                        ],
                                        "privileged": "bool",
                                        "procMount": "string",
                                        "readOnlyRootFilesystem": "bool",
                                        "runAsGroup": "number",
                                        "runAsNonRoot": "bool",
                                        "runAsUser": "number",
                                        "seLinuxOptions": [
                                          "object",
                                          {
                                            "level": "string",
                                            "role": "string",
                                            "type": "string",
                                            "user": "string"
                                          }
                                        ],
                                        "seccompProfile": [
                                          "object",
                                          {
                                            "localhostProfile": "string",
                                            "type": "string"
                                          }
                                        ],
                                        "windowsOptions": [
                                          "object",
                                          {
                                            "gmsaCredentialSpec": "string",
                                            "gmsaCredentialSpecName": "string",
                                            "hostProcess": "bool",
                                            "runAsUserName": "string"
                                          }
                                        ]
                                      }
                                    ],
                                    "startupProbe": [
                                      "object",
                                      {
                                        "exec": [
                                          "object",
                                          {
                                            "command": [
                                              "list",
                                              "string"
                                            ]
                                          }
                                        ],
                                        "failureThreshold": "number",
                                        "grpc": [
                                          "object",
                                          {
                                            "port": "number",
                                            "service": "string"
                                          }
                                        ],
                                        "httpGet": [
                                          "object",
                                          {
                                            "host": "string",
                                            "httpHeaders": [
                                              "list",
                                              [
                                                "object",
                                                {
                                                  "name": "string",
                                                  "value": "string"
                                                }
                                              ]
                                            ],
                                            "path": "string",
                                            "port": "string",
                                            "scheme": "string"
                                          }
                                        ],
                                        "initialDelaySeconds": "number",
                                        "periodSeconds": "number",
                                        "successThreshold": "number",
                                        "tcpSocket": [
                                          "object",
                                          {
                                            "host": "string",
                                            "port": "string"
                                          }
                                        ],
                                        "terminationGracePeriodSeconds": "number",
                                        "timeoutSeconds": "number"
                                      }
                                    ],
                                    "stdin": "bool",
                                    "stdinOnce": "bool",
                                    "terminationMessagePath": "string",
                                    "terminationMessagePolicy": "string",
                                    "tty": "bool",
                                    "volumeDevices": [
                                      "list",
                                      [
                                        "object",
                                        {
                                          "devicePath": "string",
                                          "name": "string"
                                        }
                                      ]
                                    ],
                                    "volumeMounts": [
                                      "list",
                                      [
                                        "object",
                                        {
                                          "mountPath": "string",
                                          "mountPropagation": "string",
                                          "name": "string",
                                          "readOnly": "bool",
                                          "subPath": "string",
                                          "subPathExpr": "string"
                                        }
                                      ]
                                    ],
                                    "workingDir": "string"
                                  }
                                ]
                              ],
                              "dnsConfig": [
                                "object",
                                {
                                  "nameservers": [
                                    "list",
                                    "string"
                                  ],
                                  "options": [
                                    "list",
                                    [
                                      "object",
                                      {
                                        "name": "string",
                                        "value": "string"
                                      }
                                    ]
                                  ],
                                  "searches": [
                                    "list",
                                    "string"
                                  ]
                                }
                              ],
                              "dnsPolicy": "string",
                              "enableServiceLinks": "bool",
                              "ephemeralContainers": [
                                "list",
                                [
                                  "object",
                                  {
                                    "args": [
                                      "list",
                                      "string"
                                    ],
                                    "command": [
                                      "list",
                                      "string"
                                    ],
                                    "env": [
                                      "list",
                                      [
                                        "object",
                                        {
                                          "name": "string",
                                          "value": "string",
                                          "valueFrom": [
                                            "object",
                                            {
                                              "configMapKeyRef": [
                                                "object",
                                                {
                                                  "key": "string",
                                                  "name": "string",
                                                  "optional": "bool"
                                                }
                                              ],
                                              "fieldRef": [
                                                "object",
                                                {
                                                  "apiVersion": "string",
                                                  "fieldPath": "string"
                                                }
                                              ],
                                              "resourceFieldRef": [
                                                "object",
                                                {
                                                  "containerName": "string",
                                                  "divisor": "string",
                                                  "resource": "string"
                                                }
                                              ],
                                              "secretKeyRef": [
                                                "object",
                                                {
                                                  "key": "string",
                                                  "name": "string",
                                                  "optional": "bool"
                                                }
                                              ]
                                            }
                                          ]
                                        }
                                      ]
                                    ],
                                    "envFrom": [
                                      "list",
                                      [
                                        "object",
                                        {
                                          "configMapRef": [
                                            "object",
                                            {
                                              "name": "string",
                                              "optional": "bool"
                                            }
                                          ],
                                          "prefix": "string",
                                          "secretRef": [
                                            "object",
                                            {
                                              "name": "string",
                                              "optional": "bool"
                                            }
                                          ]
                                        }
                                      ]
                                    ],
                                    "image": "string",
                                    "imagePullPolicy": "string",
                                    "lifecycle": [
                                      "object",
                                      {
                                        "postStart": [
                                          "object",
                                          {
                                            "exec": [
                                              "object",
                                              {
                                                "command": [
                                                  "list",
                                                  "string"
                                                ]
                                              }
                                            ],
                                            "httpGet": [
                                              "object",
                                              {
                                                "host": "string",
                                                "httpHeaders": [
                                                  "list",
                                                  [
                                                    "object",
                                                    {
                                                      "name": "string",
                                                      "value": "string"
                                                    }
                                                  ]
                                                ],
                                                "path": "string",
                                                "port": "string",
                                                "scheme": "string"
                                              }
                                            ],
                                            "tcpSocket": [
                                              "object",
                                              {
                                                "host": "string",
                                                "port": "string"
                                              }
                                            ]
                                          }
                                        ],
                                        "preStop": [
                                          "object",
                                          {
                                            "exec": [
                                              "object",
                                              {
                                                "command": [
                                                  "list",
                                                  "string"
                                                ]
                                              }
                                            ],
                                            "httpGet": [
                                              "object",
                                              {
                                                "host": "string",
                                                "httpHeaders": [
                                                  "list",
                                                  [
                                                    "object",
                                                    {
                                                      "name": "string",
                                                      "value": "string"
                                                    }
                                                  ]
                                                ],
                                                "path": "string",
                                                "port": "string",
                                                "scheme": "string"
                                              }
                                            ],
                                            "tcpSocket": [
                                              "object",
                                              {
                                                "host": "string",
                                                "port": "string"
                                              }
                                            ]
                                          }
                                        ]
                                      }
                                    ],
                                    "livenessProbe": [
                                      "object",
                                      {
                                        "exec": [
                                          "object",
                                          {
                                            "command": [
                                              "list",
                                              "string"
                                            ]
                                          }
                                        ],
                                        "failureThreshold": "number",
                                        "grpc": [
                                          "object",
                                          {
                                            "port": "number",
                                            "service": "string"
                                          }
                                        ],
                                        "httpGet": [
                                          "object",
                                          {
                                            "host": "string",
                                            "httpHeaders": [
                                              "list",
                                              [
                                                "object",
                                                {
                                                  "name": "string",
                                                  "value": "string"
                                                }
                                              ]
                                            ],
                                            "path": "string",
                                            "port": "string",
                                            "scheme": "string"
                                          }
                                        ],
                                        "initialDelaySeconds": "number",
                                        "periodSeconds": "number",
                                        "successThreshold": "number",
                                        "tcpSocket": [
                                          "object",
                                          {
                                            "host": "string",
                                            "port": "string"
                                          }
                                        ],
                                        "terminationGracePeriodSeconds": "number",
                                        "timeoutSeconds": "number"
                                      }
                                    ],
                                    "name": "string",
                                    "ports": [
                                      "list",
                                      [
                                        "object",
                                        {
                                          "containerPort": "number",
                                          "hostIP": "string",
                                          "hostPort": "number",
                                          "name": "string",
                                          "protocol": "string"
                                        }
                                      ]
                                    ],
                                    "readinessProbe": [
                                      "object",
                                      {
                                        "exec": [
                                          "object",
                                          {
                                            "command": [
                                              "list",
                                              "string"
                                            ]
                                          }
                                        ],
                                        "failureThreshold": "number",
                                        "grpc": [
                                          "object",
                                          {
                                            "port": "number",
                                            "service": "string"
                                          }
                                        ],
                                        "httpGet": [
                                          "object",
                                          {
                                            "host": "string",
                                            "httpHeaders": [
                                              "list",
                                              [
                                                "object",
                                                {
                                                  "name": "string",
                                                  "value": "string"
                                                }
                                              ]
                                            ],
                                            "path": "string",
                                            "port": "string",
                                            "scheme": "string"
                                          }
                                        ],
                                        "initialDelaySeconds": "number",
                                        "periodSeconds": "number",
                                        "successThreshold": "number",
                                        "tcpSocket": [
                                          "object",
                                          {
                                            "host": "string",
                                            "port": "string"
                                          }
                                        ],
                                        "terminationGracePeriodSeconds": "number",
                                        "timeoutSeconds": "number"
                                      }
                                    ],
                                    "resizePolicy": [
                                      "list",
                                      [
                                        "object",
                                        {
                                          "resourceName": "string",
                                          "restartPolicy": "string"
                                        }
                                      ]
                                    ],
                                    "resources": [
                                      "object",
                                      {
                                        "claims": [
                                          "list",
                                          [
                                            "object",
                                            {
                                              "name": "string"
                                            }
                                          ]
                                        ],
                                        "limits": [
                                          "map",
                                          "string"
                                        ],
                                        "requests": [
                                          "map",
                                          "string"
                                        ]
                                      }
                                    ],
                                    "restartPolicy": "string",
                                    "securityContext": [
                                      "object",
                                      {
                                        "allowPrivilegeEscalation": "bool",
                                        "capabilities": [
                                          "object",
                                          {
                                            "add": [
                                              "list",
                                              "string"
                                            ],
                                            "drop": [
                                              "list",
                                              "string"
                                            ]
                                          }
                                        ],
                                        "privileged": "bool",
                                        "procMount": "string",
                                        "readOnlyRootFilesystem": "bool",
                                        "runAsGroup": "number",
                                        "runAsNonRoot": "bool",
                                        "runAsUser": "number",
                                        "seLinuxOptions": [
                                          "object",
                                          {
                                            "level": "string",
                                            "role": "string",
                                            "type": "string",
                                            "user": "string"
                                          }
                                        ],
                                        "seccompProfile": [
                                          "object",
                                          {
                                            "localhostProfile": "string",
                                            "type": "string"
                                          }
                                        ],
                                        "windowsOptions": [
                                          "object",
                                          {
                                            "gmsaCredentialSpec": "string",
                                            "gmsaCredentialSpecName": "string",
                                            "hostProcess": "bool",
                                            "runAsUserName": "string"
                                          }
                                        ]
                                      }
                                    ],
                                    "startupProbe": [
                                      "object",
                                      {
                                        "exec": [
                                          "object",
                                          {
                                            "command": [
                                              "list",
                                              "string"
                                            ]
                                          }
                                        ],
                                        "failureThreshold": "number",
                                        "grpc": [
                                          "object",
                                          {
                                            "port": "number",
                                            "service": "string"
                                          }
                                        ],
                                        "httpGet": [
                                          "object",
                                          {
                                            "host": "string",
                                            "httpHeaders": [
                                              "list",
                                              [
                                                "object",
                                                {
                                                  "name": "string",
                                                  "value": "string"
                                                }
                                              ]
                                            ],
                                            "path": "string",
                                            "port": "string",
                                            "scheme": "string"
                                          }
                                        ],
                                        "initialDelaySeconds": "number",
                                        "periodSeconds": "number",
                                        "successThreshold": "number",
                                        "tcpSocket": [
                                          "object",
                                          {
                                            "host": "string",
                                            "port": "string"
                                          }
                                        ],
                                        "terminationGracePeriodSeconds": "number",
                                        "timeoutSeconds": "number"
                                      }
                                    ],
                                    "stdin": "bool",
                                    "stdinOnce": "bool",
                                    "targetContainerName": "string",
                                    "terminationMessagePath": "string",
                                    "terminationMessagePolicy": "string",
                                    "tty": "bool",
                                    "volumeDevices": [
                                      "list",
                                      [
                                        "object",
                                        {
                                          "devicePath": "string",
                                          "name": "string"
                                        }
                                      ]
                                    ],
                                    "volumeMounts": [
                                      "list",
                                      [
                                        "object",
                                        {
                                          "mountPath": "string",
                                          "mountPropagation": "string",
                                          "name": "string",
                                          "readOnly": "bool",
                                          "subPath": "string",
                                          "subPathExpr": "string"
                                        }
                                      ]
                                    ],
                                    "workingDir": "string"
                                  }
                                ]
                              ],
                              "hostAliases": [
                                "list",
                                [
                                  "object",
                                  {
                                    "hostnames": [
                                      "list",
                                      "string"
                                    ],
                                    "ip": "string"
                                  }
                                ]
                              ],
                              "hostIPC": "bool",
                              "hostNetwork": "bool",
                              "hostPID": "bool",
                              "hostUsers": "bool",
                              "hostname": "string",
                              "imagePullSecrets": [
                                "list",
                                [
                                  "object",
                                  {
                                    "name": "string"
                                  }
                                ]
                              ],
                              "initContainers": [
                                "list",
                                [
                                  "object",
                                  {
                                    "args": [
                                      "list",
                                      "string"
                                    ],
                                    "command": [
                                      "list",
                                      "string"
                                    ],
                                    "env": [
                                      "list",
                                      [
                                        "object",
                                        {
                                          "name": "string",
                                          "value": "string",
                                          "valueFrom": [
                                            "object",
                                            {
                                              "configMapKeyRef": [
                                                "object",
                                                {
                                                  "key": "string",
                                                  "name": "string",
                                                  "optional": "bool"
                                                }
                                              ],
                                              "fieldRef": [
                                                "object",
                                                {
                                                  "apiVersion": "string",
                                                  "fieldPath": "string"
                                                }
                                              ],
                                              "resourceFieldRef": [
                                                "object",
                                                {
                                                  "containerName": "string",
                                                  "divisor": "string",
                                                  "resource": "string"
                                                }
                                              ],
                                              "secretKeyRef": [
                                                "object",
                                                {
                                                  "key": "string",
                                                  "name": "string",
                                                  "optional": "bool"
                                                }
                                              ]
                                            }
                                          ]
                                        }
                                      ]
                                    ],
                                    "envFrom": [
                                      "list",
                                      [
                                        "object",
                                        {
                                          "configMapRef": [
                                            "object",
                                            {
                                              "name": "string",
                                              "optional": "bool"
                                            }
                                          ],
                                          "prefix": "string",
                                          "secretRef": [
                                            "object",
                                            {
                                              "name": "string",
                                              "optional": "bool"
                                            }
                                          ]
                                        }
                                      ]
                                    ],
                                    "image": "string",
                                    "imagePullPolicy": "string",
                                    "lifecycle": [
                                      "object",
                                      {
                                        "postStart": [
                                          "object",
                                          {
                                            "exec": [
                                              "object",
                                              {
                                                "command": [
                                                  "list",
                                                  "string"
                                                ]
                                              }
                                            ],
                                            "httpGet": [
                                              "object",
                                              {
                                                "host": "string",
                                                "httpHeaders": [
                                                  "list",
                                                  [
                                                    "object",
                                                    {
                                                      "name": "string",
                                                      "value": "string"
                                                    }
                                                  ]
                                                ],
                                                "path": "string",
                                                "port": "string",
                                                "scheme": "string"
                                              }
                                            ],
                                            "tcpSocket": [
                                              "object",
                                              {
                                                "host": "string",
                                                "port": "string"
                                              }
                                            ]
                                          }
                                        ],
                                        "preStop": [
                                          "object",
                                          {
                                            "exec": [
                                              "object",
                                              {
                                                "command": [
                                                  "list",
                                                  "string"
                                                ]
                                              }
                                            ],
                                            "httpGet": [
                                              "object",
                                              {
                                                "host": "string",
                                                "httpHeaders": [
                                                  "list",
                                                  [
                                                    "object",
                                                    {
                                                      "name": "string",
                                                      "value": "string"
                                                    }
                                                  ]
                                                ],
                                                "path": "string",
                                                "port": "string",
                                                "scheme": "string"
                                              }
                                            ],
                                            "tcpSocket": [
                                              "object",
                                              {
                                                "host": "string",
                                                "port": "string"
                                              }
                                            ]
                                          }
                                        ]
                                      }
                                    ],
                                    "livenessProbe": [
                                      "object",
                                      {
                                        "exec": [
                                          "object",
                                          {
                                            "command": [
                                              "list",
                                              "string"
                                            ]
                                          }
                                        ],
                                        "failureThreshold": "number",
                                        "grpc": [
                                          "object",
                                          {
                                            "port": "number",
                                            "service": "string"
                                          }
                                        ],
                                        "httpGet": [
                                          "object",
                                          {
                                            "host": "string",
                                            "httpHeaders": [
                                              "list",
                                              [
                                                "object",
                                                {
                                                  "name": "string",
                                                  "value": "string"
                                                }
                                              ]
                                            ],
                                            "path": "string",
                                            "port": "string",
                                            "scheme": "string"
                                          }
                                        ],
                                        "initialDelaySeconds": "number",
                                        "periodSeconds": "number",
                                        "successThreshold": "number",
                                        "tcpSocket": [
                                          "object",
                                          {
                                            "host": "string",
                                            "port": "string"
                                          }
                                        ],
                                        "terminationGracePeriodSeconds": "number",
                                        "timeoutSeconds": "number"
                                      }
                                    ],
                                    "name": "string",
                                    "ports": [
                                      "list",
                                      [
                                        "object",
                                        {
                                          "containerPort": "number",
                                          "hostIP": "string",
                                          "hostPort": "number",
                                          "name": "string",
                                          "protocol": "string"
                                        }
                                      ]
                                    ],
                                    "readinessProbe": [
                                      "object",
                                      {
                                        "exec": [
                                          "object",
                                          {
                                            "command": [
                                              "list",
                                              "string"
                                            ]
                                          }
                                        ],
                                        "failureThreshold": "number",
                                        "grpc": [
                                          "object",
                                          {
                                            "port": "number",
                                            "service": "string"
                                          }
                                        ],
                                        "httpGet": [
                                          "object",
                                          {
                                            "host": "string",
                                            "httpHeaders": [
                                              "list",
                                              [
                                                "object",
                                                {
                                                  "name": "string",
                                                  "value": "string"
                                                }
                                              ]
                                            ],
                                            "path": "string",
                                            "port": "string",
                                            "scheme": "string"
                                          }
                                        ],
                                        "initialDelaySeconds": "number",
                                        "periodSeconds": "number",
                                        "successThreshold": "number",
                                        "tcpSocket": [
                                          "object",
                                          {
                                            "host": "string",
                                            "port": "string"
                                          }
                                        ],
                                        "terminationGracePeriodSeconds": "number",
                                        "timeoutSeconds": "number"
                                      }
                                    ],
                                    "resizePolicy": [
                                      "list",
                                      [
                                        "object",
                                        {
                                          "resourceName": "string",
                                          "restartPolicy": "string"
                                        }
                                      ]
                                    ],
                                    "resources": [
                                      "object",
                                      {
                                        "claims": [
                                          "list",
                                          [
                                            "object",
                                            {
                                              "name": "string"
                                            }
                                          ]
                                        ],
                                        "limits": [
                                          "map",
                                          "string"
                                        ],
                                        "requests": [
                                          "map",
                                          "string"
                                        ]
                                      }
                                    ],
                                    "restartPolicy": "string",
                                    "securityContext": [
                                      "object",
                                      {
                                        "allowPrivilegeEscalation": "bool",
                                        "capabilities": [
                                          "object",
                                          {
                                            "add": [
                                              "list",
                                              "string"
                                            ],
                                            "drop": [
                                              "list",
                                              "string"
                                            ]
                                          }
                                        ],
                                        "privileged": "bool",
                                        "procMount": "string",
                                        "readOnlyRootFilesystem": "bool",
                                        "runAsGroup": "number",
                                        "runAsNonRoot": "bool",
                                        "runAsUser": "number",
                                        "seLinuxOptions": [
                                          "object",
                                          {
                                            "level": "string",
                                            "role": "string",
                                            "type": "string",
                                            "user": "string"
                                          }
                                        ],
                                        "seccompProfile": [
                                          "object",
                                          {
                                            "localhostProfile": "string",
                                            "type": "string"
                                          }
                                        ],
                                        "windowsOptions": [
                                          "object",
                                          {
                                            "gmsaCredentialSpec": "string",
                                            "gmsaCredentialSpecName": "string",
                                            "hostProcess": "bool",
                                            "runAsUserName": "string"
                                          }
                                        ]
                                      }
                                    ],
                                    "startupProbe": [
                                      "object",
                                      {
                                        "exec": [
                                          "object",
                                          {
                                            "command": [
                                              "list",
                                              "string"
                                            ]
                                          }
                                        ],
                                        "failureThreshold": "number",
                                        "grpc": [
                                          "object",
                                          {
                                            "port": "number",
                                            "service": "string"
                                          }
                                        ],
                                        "httpGet": [
                                          "object",
                                          {
                                            "host": "string",
                                            "httpHeaders": [
                                              "list",
                                              [
                                                "object",
                                                {
                                                  "name": "string",
                                                  "value": "string"
                                                }
                                              ]
                                            ],
                                            "path": "string",
                                            "port": "string",
                                            "scheme": "string"
                                          }
                                        ],
                                        "initialDelaySeconds": "number",
                                        "periodSeconds": "number",
                                        "successThreshold": "number",
                                        "tcpSocket": [
                                          "object",
                                          {
                                            "host": "string",
                                            "port": "string"
                                          }
                                        ],
                                        "terminationGracePeriodSeconds": "number",
                                        "timeoutSeconds": "number"
                                      }
                                    ],
                                    "stdin": "bool",
                                    "stdinOnce": "bool",
                                    "terminationMessagePath": "string",
                                    "terminationMessagePolicy": "string",
                                    "tty": "bool",
                                    "volumeDevices": [
                                      "list",
                                      [
                                        "object",
                                        {
                                          "devicePath": "string",
                                          "name": "string"
                                        }
                                      ]
                                    ],
                                    "volumeMounts": [
                                      "list",
                                      [
                                        "object",
                                        {
                                          "mountPath": "string",
                                          "mountPropagation": "string",
                                          "name": "string",
                                          "readOnly": "bool",
                                          "subPath": "string",
                                          "subPathExpr": "string"
                                        }
                                      ]
                                    ],
                                    "workingDir": "string"
                                  }
                                ]
                              ],
                              "nodeName": "string",
                              "nodeSelector": [
                                "map",
                                "string"
                              ],
                              "os": [
                                "object",
                                {
                                  "name": "string"
                                }
                              ],
                              "overhead": [
                                "map",
                                "string"
                              ],
                              "preemptionPolicy": "string",
                              "priority": "number",
                              "priorityClassName": "string",
                              "readinessGates": [
                                "list",
                                [
                                  "object",
                                  {
                                    "conditionType": "string"
                                  }
                                ]
                              ],
                              "resourceClaims": [
                                "list",
                                [
                                  "object",
                                  {
                                    "name": "string",
                                    "source": [
                                      "object",
                                      {
                                        "resourceClaimName": "string",
                                        "resourceClaimTemplateName": "string"
                                      }
                                    ]
                                  }
                                ]
                              ],
                              "restartPolicy": "string",
                              "runtimeClassName": "string",
                              "schedulerName": "string",
                              "schedulingGates": [
                                "list",
                                [
                                  "object",
                                  {
                                    "name": "string"
                                  }
                                ]
                              ],
                              "securityContext": [
                                "object",
                                {
                                  "fsGroup": "number",
                                  "fsGroupChangePolicy": "string",
                                  "runAsGroup": "number",
                                  "runAsNonRoot": "bool",
                                  "runAsUser": "number",
                                  "seLinuxOptions": [
                                    "object",
                                    {
                                      "level": "string",
                                      "role": "string",
                                      "type": "string",
                                      "user": "string"
                                    }
                                  ],
                                  "seccompProfile": [
                                    "object",
                                    {
                                      "localhostProfile": "string",
                                      "type": "string"
                                    }
                                  ],
                                  "supplementalGroups": [
                                    "list",
                                    "number"
                                  ],
                                  "sysctls": [
                                    "list",
                                    [
                                      "object",
                                      {
                                        "name": "string",
                                        "value": "string"
                                      }
                                    ]
                                  ],
                                  "windowsOptions": [
                                    "object",
                                    {
                                      "gmsaCredentialSpec": "string",
                                      "gmsaCredentialSpecName": "string",
                                      "hostProcess": "bool",
                                      "runAsUserName": "string"
                                    }
                                  ]
                                }
                              ],
                              "serviceAccount": "string",
                              "serviceAccountName": "string",
                              "setHostnameAsFQDN": "bool",
                              "shareProcessNamespace": "bool",
                              "subdomain": "string",
                              "terminationGracePeriodSeconds": "number",
                              "tolerations": [
                                "list",
                                [
                                  "object",
                                  {
                                    "effect": "string",
                                    "key": "string",
                                    "operator": "string",
                                    "tolerationSeconds": "number",
                                    "value": "string"
                                  }
                                ]
                              ],
                              "topologySpreadConstraints": [
                                "list",
                                [
                                  "object",
                                  {
                                    "labelSelector": [
                                      "object",
                                      {
                                        "matchExpressions": [
                                          "list",
                                          [
                                            "object",
                                            {
                                              "key": "string",
                                              "operator": "string",
                                              "values": [
                                                "list",
                                                "string"
                                              ]
                                            }
                                          ]
                                        ],
                                        "matchLabels": [
                                          "map",
                                          "string"
                                        ]
                                      }
                                    ],
                                    "matchLabelKeys": [
                                      "list",
                                      "string"
                                    ],
                                    "maxSkew": "number",
                                    "minDomains": "number",
                                    "nodeAffinityPolicy": "string",
                                    "nodeTaintsPolicy": "string",
                                    "topologyKey": "string",
                                    "whenUnsatisfiable": "string"
                                  }
                                ]
                              ],
                              "volumes": [
                                "tuple",
                                [
                                  [
                                    "object",
                                    {
                                      "awsElasticBlockStore": [
                                        "object",
                                        {
                                          "fsType": "string",
                                          "partition": "number",
                                          "readOnly": "bool",
                                          "volumeID": "string"
                                        }
                                      ],
                                      "azureDisk": [
                                        "object",
                                        {
                                          "cachingMode": "string",
                                          "diskName": "string",
                                          "diskURI": "string",
                                          "fsType": "string",
                                          "kind": "string",
                                          "readOnly": "bool"
                                        }
                                      ],
                                      "azureFile": [
                                        "object",
                                        {
                                          "readOnly": "bool",
                                          "secretName": "string",
                                          "shareName": "string"
                                        }
                                      ],
                                      "cephfs": [
                                        "object",
                                        {
                                          "monitors": [
                                            "list",
                                            "string"
                                          ],
                                          "path": "string",
                                          "readOnly": "bool",
                                          "secretFile": "string",
                                          "secretRef": [
                                            "object",
                                            {
                                              "name": "string"
                                            }
                                          ],
                                          "user": "string"
                                        }
                                      ],
                                      "cinder": [
                                        "object",
                                        {
                                          "fsType": "string",
                                          "readOnly": "bool",
                                          "secretRef": [
                                            "object",
                                            {
                                              "name": "string"
                                            }
                                          ],
                                          "volumeID": "string"
                                        }
                                      ],
                                      "configMap": [
                                        "object",
                                        {
                                          "defaultMode": "number",
                                          "items": [
                                            "list",
                                            [
                                              "object",
                                              {
                                                "key": "string",
                                                "mode": "number",
                                                "path": "string"
                                              }
                                            ]
                                          ],
                                          "name": "string",
                                          "optional": "bool"
                                        }
                                      ],
                                      "csi": [
                                        "object",
                                        {
                                          "driver": "string",
                                          "fsType": "string",
                                          "nodePublishSecretRef": [
                                            "object",
                                            {
                                              "name": "string"
                                            }
                                          ],
                                          "readOnly": "bool",
                                          "volumeAttributes": [
                                            "map",
                                            "string"
                                          ]
                                        }
                                      ],
                                      "downwardAPI": [
                                        "object",
                                        {
                                          "defaultMode": "number",
                                          "items": [
                                            "list",
                                            [
                                              "object",
                                              {
                                                "fieldRef": [
                                                  "object",
                                                  {
                                                    "apiVersion": "string",
                                                    "fieldPath": "string"
                                                  }
                                                ],
                                                "mode": "number",
                                                "path": "string",
                                                "resourceFieldRef": [
                                                  "object",
                                                  {
                                                    "containerName": "string",
                                                    "divisor": "string",
                                                    "resource": "string"
                                                  }
                                                ]
                                              }
                                            ]
                                          ]
                                        }
                                      ],
                                      "emptyDir": [
                                        "object",
                                        {
                                          "medium": "string",
                                          "sizeLimit": "string"
                                        }
                                      ],
                                      "ephemeral": [
                                        "object",
                                        {
                                          "volumeClaimTemplate": [
                                            "object",
                                            {
                                              "metadata": [
                                                "object",
                                                {
                                                  "annotations": [
                                                    "map",
                                                    "string"
                                                  ],
                                                  "creationTimestamp": "string",
                                                  "deletionGracePeriodSeconds": "number",
                                                  "deletionTimestamp": "string",
                                                  "finalizers": [
                                                    "list",
                                                    "string"
                                                  ],
                                                  "generateName": "string",
                                                  "generation": "number",
                                                  "labels": [
                                                    "map",
                                                    "string"
                                                  ],
                                                  "managedFields": [
                                                    "tuple",
                                                    [
                                                      [
                                                        "object",
                                                        {
                                                          "apiVersion": "string",
                                                          "fieldsType": "string",
                                                          "fieldsV1": "dynamic",
                                                          "manager": "string",
                                                          "operation": "string",
                                                          "subresource": "string",
                                                          "time": "string"
                                                        }
                                                      ]
                                                    ]
                                                  ],
                                                  "name": "string",
                                                  "namespace": "string",
                                                  "ownerReferences": [
                                                    "list",
                                                    [
                                                      "object",
                                                      {
                                                        "apiVersion": "string",
                                                        "blockOwnerDeletion": "bool",
                                                        "controller": "bool",
                                                        "kind": "string",
                                                        "name": "string",
                                                        "uid": "string"
                                                      }
                                                    ]
                                                  ],
                                                  "resourceVersion": "string",
                                                  "selfLink": "string",
                                                  "uid": "string"
                                                }
                                              ],
                                              "spec": [
                                                "object",
                                                {
                                                  "accessModes": [
                                                    "list",
                                                    "string"
                                                  ],
                                                  "dataSource": [
                                                    "object",
                                                    {
                                                      "apiGroup": "string",
                                                      "kind": "string",
                                                      "name": "string"
                                                    }
                                                  ],
                                                  "dataSourceRef": [
                                                    "object",
                                                    {
                                                      "apiGroup": "string",
                                                      "kind": "string",
                                                      "name": "string",
                                                      "namespace": "string"
                                                    }
                                                  ],
                                                  "resources": [
                                                    "object",
                                                    {
                                                      "claims": [
                                                        "list",
                                                        [
                                                          "object",
                                                          {
                                                            "name": "string"
                                                          }
                                                        ]
                                                      ],
                                                      "limits": [
                                                        "map",
                                                        "string"
                                                      ],
                                                      "requests": [
                                                        "map",
                                                        "string"
                                                      ]
                                                    }
                                                  ],
                                                  "selector": [
                                                    "object",
                                                    {
                                                      "matchExpressions": [
                                                        "list",
                                                        [
                                                          "object",
                                                          {
                                                            "key": "string",
                                                            "operator": "string",
                                                            "values": [
                                                              "list",
                                                              "string"
                                                            ]
                                                          }
                                                        ]
                                                      ],
                                                      "matchLabels": [
                                                        "map",
                                                        "string"
                                                      ]
                                                    }
                                                  ],
                                                  "storageClassName": "string",
                                                  "volumeMode": "string",
                                                  "volumeName": "string"
                                                }
                                              ]
                                            }
                                          ]
                                        }
                                      ],
                                      "fc": [
                                        "object",
                                        {
                                          "fsType": "string",
                                          "lun": "number",
                                          "readOnly": "bool",
                                          "targetWWNs": [
                                            "list",
                                            "string"
                                          ],
                                          "wwids": [
                                            "list",
                                            "string"
                                          ]
                                        }
                                      ],
                                      "flexVolume": [
                                        "object",
                                        {
                                          "driver": "string",
                                          "fsType": "string",
                                          "options": [
                                            "map",
                                            "string"
                                          ],
                                          "readOnly": "bool",
                                          "secretRef": [
                                            "object",
                                            {
                                              "name": "string"
                                            }
                                          ]
                                        }
                                      ],
                                      "flocker": [
                                        "object",
                                        {
                                          "datasetName": "string",
                                          "datasetUUID": "string"
                                        }
                                      ],
                                      "gcePersistentDisk": [
                                        "object",
                                        {
                                          "fsType": "string",
                                          "partition": "number",
                                          "pdName": "string",
                                          "readOnly": "bool"
                                        }
                                      ],
                                      "gitRepo": [
                                        "object",
                                        {
                                          "directory": "string",
                                          "repository": "string",
                                          "revision": "string"
                                        }
                                      ],
                                      "glusterfs": [
                                        "object",
                                        {
                                          "endpoints": "string",
                                          "path": "string",
                                          "readOnly": "bool"
                                        }
                                      ],
                                      "hostPath": [
                                        "object",
                                        {
                                          "path": "string",
                                          "type": "string"
                                        }
                                      ],
                                      "iscsi": [
                                        "object",
                                        {
                                          "chapAuthDiscovery": "bool",
                                          "chapAuthSession": "bool",
                                          "fsType": "string",
                                          "initiatorName": "string",
                                          "iqn": "string",
                                          "iscsiInterface": "string",
                                          "lun": "number",
                                          "portals": [
                                            "list",
                                            "string"
                                          ],
                                          "readOnly": "bool",
                                          "secretRef": [
                                            "object",
                                            {
                                              "name": "string"
                                            }
                                          ],
                                          "targetPortal": "string"
                                        }
                                      ],
                                      "name": "string",
                                      "nfs": [
                                        "object",
                                        {
                                          "path": "string",
                                          "readOnly": "bool",
                                          "server": "string"
                                        }
                                      ],
                                      "persistentVolumeClaim": [
                                        "object",
                                        {
                                          "claimName": "string",
                                          "readOnly": "bool"
                                        }
                                      ],
                                      "photonPersistentDisk": [
                                        "object",
                                        {
                                          "fsType": "string",
                                          "pdID": "string"
                                        }
                                      ],
                                      "portworxVolume": [
                                        "object",
                                        {
                                          "fsType": "string",
                                          "readOnly": "bool",
                                          "volumeID": "string"
                                        }
                                      ],
                                      "projected": [
                                        "object",
                                        {
                                          "defaultMode": "number",
                                          "sources": [
                                            "list",
                                            [
                                              "object",
                                              {
                                                "configMap": [
                                                  "object",
                                                  {
                                                    "items": [
                                                      "list",
                                                      [
                                                        "object",
                                                        {
                                                          "key": "string",
                                                          "mode": "number",
                                                          "path": "string"
                                                        }
                                                      ]
                                                    ],
                                                    "name": "string",
                                                    "optional": "bool"
                                                  }
                                                ],
                                                "downwardAPI": [
                                                  "object",
                                                  {
                                                    "items": [
                                                      "list",
                                                      [
                                                        "object",
                                                        {
                                                          "fieldRef": [
                                                            "object",
                                                            {
                                                              "apiVersion": "string",
                                                              "fieldPath": "string"
                                                            }
                                                          ],
                                                          "mode": "number",
                                                          "path": "string",
                                                          "resourceFieldRef": [
                                                            "object",
                                                            {
                                                              "containerName": "string",
                                                              "divisor": "string",
                                                              "resource": "string"
                                                            }
                                                          ]
                                                        }
                                                      ]
                                                    ]
                                                  }
                                                ],
                                                "secret": [
                                                  "object",
                                                  {
                                                    "items": [
                                                      "list",
                                                      [
                                                        "object",
                                                        {
                                                          "key": "string",
                                                          "mode": "number",
                                                          "path": "string"
                                                        }
                                                      ]
                                                    ],
                                                    "name": "string",
                                                    "optional": "bool"
                                                  }
                                                ],
                                                "serviceAccountToken": [
                                                  "object",
                                                  {
                                                    "audience": "string",
                                                    "expirationSeconds": "number",
                                                    "path": "string"
                                                  }
                                                ]
                                              }
                                            ]
                                          ]
                                        }
                                      ],
                                      "quobyte": [
                                        "object",
                                        {
                                          "group": "string",
                                          "readOnly": "bool",
                                          "registry": "string",
                                          "tenant": "string",
                                          "user": "string",
                                          "volume": "string"
                                        }
                                      ],
                                      "rbd": [
                                        "object",
                                        {
                                          "fsType": "string",
                                          "image": "string",
                                          "keyring": "string",
                                          "monitors": [
                                            "list",
                                            "string"
                                          ],
                                          "pool": "string",
                                          "readOnly": "bool",
                                          "secretRef": [
                                            "object",
                                            {
                                              "name": "string"
                                            }
                                          ],
                                          "user": "string"
                                        }
                                      ],
                                      "scaleIO": [
                                        "object",
                                        {
                                          "fsType": "string",
                                          "gateway": "string",
                                          "protectionDomain": "string",
                                          "readOnly": "bool",
                                          "secretRef": [
                                            "object",
                                            {
                                              "name": "string"
                                            }
                                          ],
                                          "sslEnabled": "bool",
                                          "storageMode": "string",
                                          "storagePool": "string",
                                          "system": "string",
                                          "volumeName": "string"
                                        }
                                      ],
                                      "secret": [
                                        "object",
                                        {
                                          "defaultMode": "number",
                                          "items": [
                                            "list",
                                            [
                                              "object",
                                              {
                                                "key": "string",
                                                "mode": "number",
                                                "path": "string"
                                              }
                                            ]
                                          ],
                                          "optional": "bool",
                                          "secretName": "string"
                                        }
                                      ],
                                      "storageos": [
                                        "object",
                                        {
                                          "fsType": "string",
                                          "readOnly": "bool",
                                          "secretRef": [
                                            "object",
                                            {
                                              "name": "string"
                                            }
                                          ],
                                          "volumeName": "string",
                                          "volumeNamespace": "string"
                                        }
                                      ],
                                      "vsphereVolume": [
                                        "object",
                                        {
                                          "fsType": "string",
                                          "storagePolicyID": "string",
                                          "storagePolicyName": "string",
                                          "volumePath": "string"
                                        }
                                      ]
                                    }
                                  ]
                                ]
                              ]
                            }
                          ]
                        }
                      ]
                    }
                  ]
                }
              ]
            },
            "timeouts": [],
            "wait": [],
            "wait_for": null
          },
          "sensitive_attributes": [],
          "dependencies": [
            "aws_eks_cluster.my_cluster",
            "aws_eks_node_group.my_node_group",
            "aws_iam_role.eks_cluster_role",
            "aws_iam_role.eks_node_role",
            "aws_security_group.kubernetes",
            "aws_subnet.private_subnet1",
            "aws_subnet.private_subnet2",
            "aws_subnet.public_subnet1",
            "aws_vpc.main",
            "data.aws_eks_cluster_auth.my_cluster"
          ]
        }
      ]
    },
    {
      "mode": "managed",
      "type": "kubernetes_service",
      "name": "node-exporter-service",
      "provider": "provider[\"registry.terraform.io/hashicorp/kubernetes\"]",
      "instances": [
        {
          "schema_version": 1,
          "attributes": {
            "id": "default/node-exporter",
            "metadata": [
              {
                "annotations": {
                  "service.beta.kubernetes.io/aws-load-balancer-backend-protocol": "http",
                  "service.beta.kubernetes.io/aws-load-balancer-ssl-cert": "arn:aws:acm:ap-south-1:350931055052:certificate/10e0c6b7-df81-465c-852b-ab3cf9cc45e5"
                },
                "generate_name": "",
                "generation": 0,
                "labels": {},
                "name": "node-exporter",
                "namespace": "default",
                "resource_version": "1402",
                "uid": "837d43b1-1ca7-49dd-9912-20c7a2452923"
              }
            ],
            "spec": [
              {
                "allocate_load_balancer_node_ports": true,
                "cluster_ip": "10.100.78.235",
                "cluster_ips": [
                  "10.100.78.235"
                ],
                "external_ips": [],
                "external_name": "",
                "external_traffic_policy": "Cluster",
                "health_check_node_port": 0,
                "internal_traffic_policy": "Cluster",
                "ip_families": [
                  "IPv4"
                ],
                "ip_family_policy": "SingleStack",
                "load_balancer_class": "",
                "load_balancer_ip": "",
                "load_balancer_source_ranges": [],
                "port": [
                  {
                    "app_protocol": "",
                    "name": "",
                    "node_port": 32243,
                    "port": 443,
                    "protocol": "TCP",
                    "target_port": "9100"
                  }
                ],
                "publish_not_ready_addresses": false,
                "selector": {
                  "app": "node-exporter"
                },
                "session_affinity": "None",
                "session_affinity_config": [],
                "type": "LoadBalancer"
              }
            ],
            "status": [
              {
                "load_balancer": [
                  {
                    "ingress": [
                      {
                        "hostname": "a837d43b11ca749dd991220c7a245292-1307686136.ap-south-1.elb.amazonaws.com",
                        "ip": ""
                      }
                    ]
                  }
                ]
              }
            ],
            "timeouts": null,
            "wait_for_load_balancer": true
          },
          "sensitive_attributes": [],
          "private": "eyJlMmJmYjczMC1lY2FhLTExZTYtOGY4OC0zNDM2M2JjN2M0YzAiOnsiY3JlYXRlIjo2MDAwMDAwMDAwMDB9LCJzY2hlbWFfdmVyc2lvbiI6IjEifQ==",
          "dependencies": [
            "aws_acm_certificate.cert",
            "aws_eks_cluster.my_cluster",
            "aws_eks_node_group.my_node_group",
            "aws_iam_role.eks_cluster_role",
            "aws_iam_role.eks_node_role",
            "aws_route53_record.cert_validation",
            "aws_security_group.kubernetes",
            "aws_subnet.private_subnet1",
            "aws_subnet.private_subnet2",
            "aws_subnet.public_subnet1",
            "aws_vpc.main",
            "data.aws_eks_cluster_auth.my_cluster"
          ]
        }
      ]
    }
  ],
  "check_results": null
}
